// !$*UTF8*$!
{
	archiveVersion = 1;
	classes = {
	};
	objectVersion = 46;
	objects = {

/* Begin PBXBuildFile section */
		8EBC9BAE191803D700FE71FA /* tor in Resources */ = {isa = PBXBuildFile; fileRef = 8EBC9BAD191803D700FE71FA /* tor */; };
		8ED41FA518F595DA0025A51B /* pybitmessage in Resources */ = {isa = PBXBuildFile; fileRef = 8ED41FA418F595DA0025A51B /* pybitmessage */; };
		8ED41FBC18F596310025A51B /* NSData+Base64.h in Headers */ = {isa = PBXBuildFile; fileRef = 8ED41FA718F596310025A51B /* NSData+Base64.h */; settings = {ATTRIBUTES = (Public, ); }; };
		8ED41FBD18F596310025A51B /* NSData+Base64.m in Sources */ = {isa = PBXBuildFile; fileRef = 8ED41FA818F596310025A51B /* NSData+Base64.m */; };
		8ED41FBE18F596310025A51B /* NSStringAdditions.h in Headers */ = {isa = PBXBuildFile; fileRef = 8ED41FA918F596310025A51B /* NSStringAdditions.h */; settings = {ATTRIBUTES = (Public, ); }; };
		8ED41FBF18F596310025A51B /* NSStringAdditions.m in Sources */ = {isa = PBXBuildFile; fileRef = 8ED41FAA18F596310025A51B /* NSStringAdditions.m */; };
		8ED41FC018F596310025A51B /* XMLRPC.h in Headers */ = {isa = PBXBuildFile; fileRef = 8ED41FAB18F596310025A51B /* XMLRPC.h */; settings = {ATTRIBUTES = (Public, ); }; };
		8ED41FC118F596310025A51B /* XMLRPCConnection.h in Headers */ = {isa = PBXBuildFile; fileRef = 8ED41FAC18F596310025A51B /* XMLRPCConnection.h */; settings = {ATTRIBUTES = (Public, ); }; };
		8ED41FC218F596310025A51B /* XMLRPCConnection.m in Sources */ = {isa = PBXBuildFile; fileRef = 8ED41FAD18F596310025A51B /* XMLRPCConnection.m */; };
		8ED41FC318F596310025A51B /* XMLRPCConnectionDelegate.h in Headers */ = {isa = PBXBuildFile; fileRef = 8ED41FAE18F596310025A51B /* XMLRPCConnectionDelegate.h */; settings = {ATTRIBUTES = (Public, ); }; };
		8ED41FC418F596310025A51B /* XMLRPCConnectionManager.h in Headers */ = {isa = PBXBuildFile; fileRef = 8ED41FAF18F596310025A51B /* XMLRPCConnectionManager.h */; settings = {ATTRIBUTES = (Public, ); }; };
		8ED41FC518F596310025A51B /* XMLRPCConnectionManager.m in Sources */ = {isa = PBXBuildFile; fileRef = 8ED41FB018F596310025A51B /* XMLRPCConnectionManager.m */; };
		8ED41FC618F596310025A51B /* XMLRPCDefaultEncoder.h in Headers */ = {isa = PBXBuildFile; fileRef = 8ED41FB118F596310025A51B /* XMLRPCDefaultEncoder.h */; settings = {ATTRIBUTES = (Public, ); }; };
		8ED41FC718F596310025A51B /* XMLRPCDefaultEncoder.m in Sources */ = {isa = PBXBuildFile; fileRef = 8ED41FB218F596310025A51B /* XMLRPCDefaultEncoder.m */; };
		8ED41FC818F596310025A51B /* XMLRPCEncoder.h in Headers */ = {isa = PBXBuildFile; fileRef = 8ED41FB318F596310025A51B /* XMLRPCEncoder.h */; settings = {ATTRIBUTES = (Public, ); }; };
		8ED41FC918F596310025A51B /* XMLRPCEventBasedParser.h in Headers */ = {isa = PBXBuildFile; fileRef = 8ED41FB418F596310025A51B /* XMLRPCEventBasedParser.h */; settings = {ATTRIBUTES = (Public, ); }; };
		8ED41FCA18F596310025A51B /* XMLRPCEventBasedParser.m in Sources */ = {isa = PBXBuildFile; fileRef = 8ED41FB518F596310025A51B /* XMLRPCEventBasedParser.m */; };
		8ED41FCB18F596310025A51B /* XMLRPCEventBasedParserDelegate.h in Headers */ = {isa = PBXBuildFile; fileRef = 8ED41FB618F596310025A51B /* XMLRPCEventBasedParserDelegate.h */; settings = {ATTRIBUTES = (Public, ); }; };
		8ED41FCC18F596310025A51B /* XMLRPCEventBasedParserDelegate.m in Sources */ = {isa = PBXBuildFile; fileRef = 8ED41FB718F596310025A51B /* XMLRPCEventBasedParserDelegate.m */; };
		8ED41FCD18F596310025A51B /* XMLRPCRequest.h in Headers */ = {isa = PBXBuildFile; fileRef = 8ED41FB818F596310025A51B /* XMLRPCRequest.h */; settings = {ATTRIBUTES = (Public, ); }; };
		8ED41FCE18F596310025A51B /* XMLRPCRequest.m in Sources */ = {isa = PBXBuildFile; fileRef = 8ED41FB918F596310025A51B /* XMLRPCRequest.m */; };
		8ED41FCF18F596310025A51B /* XMLRPCResponse.h in Headers */ = {isa = PBXBuildFile; fileRef = 8ED41FBA18F596310025A51B /* XMLRPCResponse.h */; settings = {ATTRIBUTES = (Public, ); }; };
		8ED41FD018F596310025A51B /* XMLRPCResponse.m in Sources */ = {isa = PBXBuildFile; fileRef = 8ED41FBB18F596310025A51B /* XMLRPCResponse.m */; };
		8EDE5B7E18F59414009A726A /* Cocoa.framework in Frameworks */ = {isa = PBXBuildFile; fileRef = 8EDE5B7D18F59414009A726A /* Cocoa.framework */; };
		8EDE5B8818F59414009A726A /* InfoPlist.strings in Resources */ = {isa = PBXBuildFile; fileRef = 8EDE5B8618F59414009A726A /* InfoPlist.strings */; };
		8EDE5B9318F59414009A726A /* XCTest.framework in Frameworks */ = {isa = PBXBuildFile; fileRef = 8EDE5B9218F59414009A726A /* XCTest.framework */; };
		8EDE5B9418F59414009A726A /* Cocoa.framework in Frameworks */ = {isa = PBXBuildFile; fileRef = 8EDE5B7D18F59414009A726A /* Cocoa.framework */; };
		8EDE5B9718F59414009A726A /* BitmessageKit.framework in Frameworks */ = {isa = PBXBuildFile; fileRef = 8EDE5B7A18F59414009A726A /* BitmessageKit.framework */; };
		8EDE5B9D18F59414009A726A /* InfoPlist.strings in Resources */ = {isa = PBXBuildFile; fileRef = 8EDE5B9B18F59414009A726A /* InfoPlist.strings */; };
		8EDE5B9F18F59414009A726A /* BitmessageKitTests.m in Sources */ = {isa = PBXBuildFile; fileRef = 8EDE5B9E18F59414009A726A /* BitmessageKitTests.m */; };
		8EDE5BFE18F594EA009A726A /* BMAddress.h in Headers */ = {isa = PBXBuildFile; fileRef = 8EDE5BB818F594EA009A726A /* BMAddress.h */; settings = {ATTRIBUTES = (Public, ); }; };
		8EDE5BFF18F594EA009A726A /* BMAddress.m in Sources */ = {isa = PBXBuildFile; fileRef = 8EDE5BB918F594EA009A726A /* BMAddress.m */; };
		8EDE5C0018F594EA009A726A /* BMAddressed.h in Headers */ = {isa = PBXBuildFile; fileRef = 8EDE5BBA18F594EA009A726A /* BMAddressed.h */; settings = {ATTRIBUTES = (Public, ); }; };
		8EDE5C0118F594EA009A726A /* BMAddressed.m in Sources */ = {isa = PBXBuildFile; fileRef = 8EDE5BBB18F594EA009A726A /* BMAddressed.m */; };
		8EDE5C0218F594EA009A726A /* BMClient.h in Headers */ = {isa = PBXBuildFile; fileRef = 8EDE5BBC18F594EA009A726A /* BMClient.h */; settings = {ATTRIBUTES = (Public, ); }; };
		8EDE5C0318F594EA009A726A /* BMClient.m in Sources */ = {isa = PBXBuildFile; fileRef = 8EDE5BBD18F594EA009A726A /* BMClient.m */; };
		8EDE5C0418F594EA009A726A /* BMNode.h in Headers */ = {isa = PBXBuildFile; fileRef = 8EDE5BBE18F594EA009A726A /* BMNode.h */; settings = {ATTRIBUTES = (Public, ); }; };
		8EDE5C0518F594EA009A726A /* BMNode.m in Sources */ = {isa = PBXBuildFile; fileRef = 8EDE5BBF18F594EA009A726A /* BMNode.m */; };
		8EDE5C0618F594EA009A726A /* BMChannel.h in Headers */ = {isa = PBXBuildFile; fileRef = 8EDE5BC118F594EA009A726A /* BMChannel.h */; settings = {ATTRIBUTES = (Public, ); }; };
		8EDE5C0718F594EA009A726A /* BMChannel.m in Sources */ = {isa = PBXBuildFile; fileRef = 8EDE5BC218F594EA009A726A /* BMChannel.m */; };
		8EDE5C0818F594EA009A726A /* BMChannels.h in Headers */ = {isa = PBXBuildFile; fileRef = 8EDE5BC318F594EA009A726A /* BMChannels.h */; settings = {ATTRIBUTES = (Public, ); }; };
		8EDE5C0918F594EA009A726A /* BMChannels.m in Sources */ = {isa = PBXBuildFile; fileRef = 8EDE5BC418F594EA009A726A /* BMChannels.m */; };
		8EDE5C0A18F594EA009A726A /* BMContact.h in Headers */ = {isa = PBXBuildFile; fileRef = 8EDE5BC618F594EA009A726A /* BMContact.h */; settings = {ATTRIBUTES = (Public, ); }; };
		8EDE5C0B18F594EA009A726A /* BMContact.m in Sources */ = {isa = PBXBuildFile; fileRef = 8EDE5BC718F594EA009A726A /* BMContact.m */; };
		8EDE5C0C18F594EA009A726A /* BMContacts.h in Headers */ = {isa = PBXBuildFile; fileRef = 8EDE5BC818F594EA009A726A /* BMContacts.h */; settings = {ATTRIBUTES = (Public, ); }; };
		8EDE5C0D18F594EA009A726A /* BMContacts.m in Sources */ = {isa = PBXBuildFile; fileRef = 8EDE5BC918F594EA009A726A /* BMContacts.m */; };
		8EDE5C0E18F594EA009A726A /* BMIdentities.h in Headers */ = {isa = PBXBuildFile; fileRef = 8EDE5BCB18F594EA009A726A /* BMIdentities.h */; settings = {ATTRIBUTES = (Public, ); }; };
		8EDE5C0F18F594EA009A726A /* BMIdentities.m in Sources */ = {isa = PBXBuildFile; fileRef = 8EDE5BCC18F594EA009A726A /* BMIdentities.m */; };
		8EDE5C1018F594EA009A726A /* BMIdentity.h in Headers */ = {isa = PBXBuildFile; fileRef = 8EDE5BCD18F594EA009A726A /* BMIdentity.h */; settings = {ATTRIBUTES = (Public, ); }; };
		8EDE5C1118F594EA009A726A /* BMIdentity.m in Sources */ = {isa = PBXBuildFile; fileRef = 8EDE5BCE18F594EA009A726A /* BMIdentity.m */; };
		8EDE5C1218F594EA009A726A /* BMMessage.h in Headers */ = {isa = PBXBuildFile; fileRef = 8EDE5BD018F594EA009A726A /* BMMessage.h */; settings = {ATTRIBUTES = (Public, ); }; };
		8EDE5C1318F594EA009A726A /* BMMessage.m in Sources */ = {isa = PBXBuildFile; fileRef = 8EDE5BD118F594EA009A726A /* BMMessage.m */; };
		8EDE5C1418F594EA009A726A /* BMMessageGroup.h in Headers */ = {isa = PBXBuildFile; fileRef = 8EDE5BD218F594EA009A726A /* BMMessageGroup.h */; settings = {ATTRIBUTES = (Public, ); }; };
		8EDE5C1518F594EA009A726A /* BMMessageGroup.m in Sources */ = {isa = PBXBuildFile; fileRef = 8EDE5BD318F594EA009A726A /* BMMessageGroup.m */; };
		8EDE5C1618F594EA009A726A /* BMMessages.h in Headers */ = {isa = PBXBuildFile; fileRef = 8EDE5BD418F594EA009A726A /* BMMessages.h */; settings = {ATTRIBUTES = (Public, ); }; };
		8EDE5C1718F594EA009A726A /* BMMessages.m in Sources */ = {isa = PBXBuildFile; fileRef = 8EDE5BD518F594EA009A726A /* BMMessages.m */; };
		8EDE5C1818F594EA009A726A /* BMReceivedMessage.h in Headers */ = {isa = PBXBuildFile; fileRef = 8EDE5BD618F594EA009A726A /* BMReceivedMessage.h */; settings = {ATTRIBUTES = (Public, ); }; };
		8EDE5C1918F594EA009A726A /* BMReceivedMessage.m in Sources */ = {isa = PBXBuildFile; fileRef = 8EDE5BD718F594EA009A726A /* BMReceivedMessage.m */; };
		8EDE5C1A18F594EA009A726A /* BMReceivedMessages.h in Headers */ = {isa = PBXBuildFile; fileRef = 8EDE5BD818F594EA009A726A /* BMReceivedMessages.h */; settings = {ATTRIBUTES = (Public, ); }; };
		8EDE5C1B18F594EA009A726A /* BMReceivedMessages.m in Sources */ = {isa = PBXBuildFile; fileRef = 8EDE5BD918F594EA009A726A /* BMReceivedMessages.m */; };
		8EDE5C1C18F594EA009A726A /* BMSentMessage.h in Headers */ = {isa = PBXBuildFile; fileRef = 8EDE5BDA18F594EA009A726A /* BMSentMessage.h */; settings = {ATTRIBUTES = (Public, ); }; };
		8EDE5C1D18F594EA009A726A /* BMSentMessage.m in Sources */ = {isa = PBXBuildFile; fileRef = 8EDE5BDB18F594EA009A726A /* BMSentMessage.m */; };
		8EDE5C1E18F594EA009A726A /* BMSentMessages.h in Headers */ = {isa = PBXBuildFile; fileRef = 8EDE5BDC18F594EA009A726A /* BMSentMessages.h */; settings = {ATTRIBUTES = (Public, ); }; };
		8EDE5C1F18F594EA009A726A /* BMSentMessages.m in Sources */ = {isa = PBXBuildFile; fileRef = 8EDE5BDD18F594EA009A726A /* BMSentMessages.m */; };
		8EDE5C2018F594EA009A726A /* BMSubscription.h in Headers */ = {isa = PBXBuildFile; fileRef = 8EDE5BDF18F594EA009A726A /* BMSubscription.h */; settings = {ATTRIBUTES = (Public, ); }; };
		8EDE5C2118F594EA009A726A /* BMSubscription.m in Sources */ = {isa = PBXBuildFile; fileRef = 8EDE5BE018F594EA009A726A /* BMSubscription.m */; };
		8EDE5C2218F594EA009A726A /* BMSubscriptions.h in Headers */ = {isa = PBXBuildFile; fileRef = 8EDE5BE118F594EA009A726A /* BMSubscriptions.h */; settings = {ATTRIBUTES = (Public, ); }; };
		8EDE5C2318F594EA009A726A /* BMSubscriptions.m in Sources */ = {isa = PBXBuildFile; fileRef = 8EDE5BE218F594EA009A726A /* BMSubscriptions.m */; };
		8EDE5C2418F594EA009A726A /* BMProxyMessage.h in Headers */ = {isa = PBXBuildFile; fileRef = 8EDE5BE418F594EA009A726A /* BMProxyMessage.h */; settings = {ATTRIBUTES = (Public, ); }; };
		8EDE5C2518F594EA009A726A /* BMProxyMessage.m in Sources */ = {isa = PBXBuildFile; fileRef = 8EDE5BE518F594EA009A726A /* BMProxyMessage.m */; };
		8EDE5C2818F594EA009A726A /* BMDatabase.h in Headers */ = {isa = PBXBuildFile; fileRef = 8EDE5BE918F594EA009A726A /* BMDatabase.h */; settings = {ATTRIBUTES = (Public, ); }; };
		8EDE5C2918F594EA009A726A /* BMDatabase.m in Sources */ = {isa = PBXBuildFile; fileRef = 8EDE5BEA18F594EA009A726A /* BMDatabase.m */; };
		8EDE5C2A18F594EA009A726A /* BMKeysFile.h in Headers */ = {isa = PBXBuildFile; fileRef = 8EDE5BEB18F594EA009A726A /* BMKeysFile.h */; settings = {ATTRIBUTES = (Public, ); }; };
		8EDE5C2B18F594EA009A726A /* BMKeysFile.m in Sources */ = {isa = PBXBuildFile; fileRef = 8EDE5BEC18F594EA009A726A /* BMKeysFile.m */; };
		8EDE5C2C18F594EA009A726A /* BMServerProcess.h in Headers */ = {isa = PBXBuildFile; fileRef = 8EDE5BED18F594EA009A726A /* BMServerProcess.h */; settings = {ATTRIBUTES = (Public, ); }; };
		8EDE5C2D18F594EA009A726A /* BMServerProcess.m in Sources */ = {isa = PBXBuildFile; fileRef = 8EDE5BEE18F594EA009A726A /* BMServerProcess.m */; };
		8EDE5C2E18F594EA009A726A /* JSONDB.h in Headers */ = {isa = PBXBuildFile; fileRef = 8EDE5BEF18F594EA009A726A /* JSONDB.h */; settings = {ATTRIBUTES = (Public, ); }; };
		8EDE5C2F18F594EA009A726A /* JSONDB.m in Sources */ = {isa = PBXBuildFile; fileRef = 8EDE5BF018F594EA009A726A /* JSONDB.m */; };
		AA0E588F18FEE3FD0095DEBD /* BMArchive.h in Headers */ = {isa = PBXBuildFile; fileRef = AA0E588D18FEE3FD0095DEBD /* BMArchive.h */; settings = {ATTRIBUTES = (Public, ); }; };
		AA0E589018FEE3FD0095DEBD /* BMArchive.m in Sources */ = {isa = PBXBuildFile; fileRef = AA0E588E18FEE3FD0095DEBD /* BMArchive.m */; };
		AA0E58E418FEE4830095DEBD /* libz.dylib in Frameworks */ = {isa = PBXBuildFile; fileRef = AA0E58E318FEE4830095DEBD /* libz.dylib */; };
		AA153C0818FEFC45007B4785 /* GMAppleDouble+ZKAdditions.h in Headers */ = {isa = PBXBuildFile; fileRef = AA153BDF18FEFC45007B4785 /* GMAppleDouble+ZKAdditions.h */; settings = {ATTRIBUTES = (Public, ); }; };
		AA153C0918FEFC45007B4785 /* GMAppleDouble+ZKAdditions.m in Sources */ = {isa = PBXBuildFile; fileRef = AA153BE018FEFC45007B4785 /* GMAppleDouble+ZKAdditions.m */; };
		AA153C0A18FEFC45007B4785 /* COPYING.TXT in Resources */ = {isa = PBXBuildFile; fileRef = AA153BE218FEFC45007B4785 /* COPYING.TXT */; };
		AA153C0B18FEFC45007B4785 /* GMAppleDouble.h in Headers */ = {isa = PBXBuildFile; fileRef = AA153BE318FEFC45007B4785 /* GMAppleDouble.h */; settings = {ATTRIBUTES = (Public, ); }; };
		AA153C0C18FEFC45007B4785 /* GMAppleDouble.m in Sources */ = {isa = PBXBuildFile; fileRef = AA153BE418FEFC45007B4785 /* GMAppleDouble.m */; };
		AA153C0D18FEFC45007B4785 /* NSData+ZKAdditions.h in Headers */ = {isa = PBXBuildFile; fileRef = AA153BE518FEFC45007B4785 /* NSData+ZKAdditions.h */; settings = {ATTRIBUTES = (Public, ); }; };
		AA153C0E18FEFC45007B4785 /* NSData+ZKAdditions.m in Sources */ = {isa = PBXBuildFile; fileRef = AA153BE618FEFC45007B4785 /* NSData+ZKAdditions.m */; };
		AA153C0F18FEFC45007B4785 /* NSDate+ZKAdditions.h in Headers */ = {isa = PBXBuildFile; fileRef = AA153BE718FEFC45007B4785 /* NSDate+ZKAdditions.h */; settings = {ATTRIBUTES = (Public, ); }; };
		AA153C1018FEFC45007B4785 /* NSDate+ZKAdditions.m in Sources */ = {isa = PBXBuildFile; fileRef = AA153BE818FEFC45007B4785 /* NSDate+ZKAdditions.m */; };
		AA153C1118FEFC45007B4785 /* NSDictionary+ZKAdditions.h in Headers */ = {isa = PBXBuildFile; fileRef = AA153BE918FEFC45007B4785 /* NSDictionary+ZKAdditions.h */; settings = {ATTRIBUTES = (Public, ); }; };
		AA153C1218FEFC45007B4785 /* NSDictionary+ZKAdditions.m in Sources */ = {isa = PBXBuildFile; fileRef = AA153BEA18FEFC45007B4785 /* NSDictionary+ZKAdditions.m */; };
		AA153C1318FEFC45007B4785 /* NSFileHandle+ZKAdditions.h in Headers */ = {isa = PBXBuildFile; fileRef = AA153BEB18FEFC45007B4785 /* NSFileHandle+ZKAdditions.h */; settings = {ATTRIBUTES = (Public, ); }; };
		AA153C1418FEFC45007B4785 /* NSFileHandle+ZKAdditions.m in Sources */ = {isa = PBXBuildFile; fileRef = AA153BEC18FEFC45007B4785 /* NSFileHandle+ZKAdditions.m */; };
		AA153C1518FEFC45007B4785 /* NSFileManager+ZKAdditions.h in Headers */ = {isa = PBXBuildFile; fileRef = AA153BED18FEFC45007B4785 /* NSFileManager+ZKAdditions.h */; settings = {ATTRIBUTES = (Public, ); }; };
		AA153C1618FEFC45007B4785 /* NSFileManager+ZKAdditions.m in Sources */ = {isa = PBXBuildFile; fileRef = AA153BEE18FEFC45007B4785 /* NSFileManager+ZKAdditions.m */; };
		AA153C1718FEFC45007B4785 /* NSString+ZKAdditions.h in Headers */ = {isa = PBXBuildFile; fileRef = AA153BEF18FEFC45007B4785 /* NSString+ZKAdditions.h */; settings = {ATTRIBUTES = (Public, ); }; };
		AA153C1818FEFC45007B4785 /* NSString+ZKAdditions.m in Sources */ = {isa = PBXBuildFile; fileRef = AA153BF018FEFC45007B4785 /* NSString+ZKAdditions.m */; };
		AA153C1918FEFC45007B4785 /* ZipKit-Info.plist in Resources */ = {isa = PBXBuildFile; fileRef = AA153BF118FEFC45007B4785 /* ZipKit-Info.plist */; };
		AA153C1A18FEFC45007B4785 /* ZipKit-Prefix.pch in Headers */ = {isa = PBXBuildFile; fileRef = AA153BF218FEFC45007B4785 /* ZipKit-Prefix.pch */; settings = {ATTRIBUTES = (Public, ); }; };
		AA153C1B18FEFC45007B4785 /* ZipKit.h in Headers */ = {isa = PBXBuildFile; fileRef = AA153BF318FEFC45007B4785 /* ZipKit.h */; settings = {ATTRIBUTES = (Public, ); }; };
		AA153C1C18FEFC45007B4785 /* ZKArchive.h in Headers */ = {isa = PBXBuildFile; fileRef = AA153BF418FEFC45007B4785 /* ZKArchive.h */; settings = {ATTRIBUTES = (Public, ); }; };
		AA153C1D18FEFC45007B4785 /* ZKArchive.m in Sources */ = {isa = PBXBuildFile; fileRef = AA153BF518FEFC45007B4785 /* ZKArchive.m */; };
		AA153C1E18FEFC45007B4785 /* ZKCDHeader.h in Headers */ = {isa = PBXBuildFile; fileRef = AA153BF618FEFC45007B4785 /* ZKCDHeader.h */; settings = {ATTRIBUTES = (Public, ); }; };
		AA153C1F18FEFC45007B4785 /* ZKCDHeader.m in Sources */ = {isa = PBXBuildFile; fileRef = AA153BF718FEFC45007B4785 /* ZKCDHeader.m */; };
		AA153C2018FEFC45007B4785 /* ZKCDTrailer.h in Headers */ = {isa = PBXBuildFile; fileRef = AA153BF818FEFC45007B4785 /* ZKCDTrailer.h */; settings = {ATTRIBUTES = (Public, ); }; };
		AA153C2118FEFC45007B4785 /* ZKCDTrailer.m in Sources */ = {isa = PBXBuildFile; fileRef = AA153BF918FEFC45007B4785 /* ZKCDTrailer.m */; };
		AA153C2218FEFC45007B4785 /* ZKCDTrailer64.h in Headers */ = {isa = PBXBuildFile; fileRef = AA153BFA18FEFC45007B4785 /* ZKCDTrailer64.h */; settings = {ATTRIBUTES = (Public, ); }; };
		AA153C2318FEFC45007B4785 /* ZKCDTrailer64.m in Sources */ = {isa = PBXBuildFile; fileRef = AA153BFB18FEFC45007B4785 /* ZKCDTrailer64.m */; };
		AA153C2418FEFC45007B4785 /* ZKCDTrailer64Locator.h in Headers */ = {isa = PBXBuildFile; fileRef = AA153BFC18FEFC45007B4785 /* ZKCDTrailer64Locator.h */; settings = {ATTRIBUTES = (Public, ); }; };
		AA153C2518FEFC45007B4785 /* ZKCDTrailer64Locator.m in Sources */ = {isa = PBXBuildFile; fileRef = AA153BFD18FEFC45007B4785 /* ZKCDTrailer64Locator.m */; };
		AA153C2618FEFC45007B4785 /* ZKDataArchive.h in Headers */ = {isa = PBXBuildFile; fileRef = AA153BFE18FEFC45007B4785 /* ZKDataArchive.h */; settings = {ATTRIBUTES = (Public, ); }; };
		AA153C2718FEFC45007B4785 /* ZKDataArchive.m in Sources */ = {isa = PBXBuildFile; fileRef = AA153BFF18FEFC45007B4785 /* ZKDataArchive.m */; };
		AA153C2818FEFC45007B4785 /* ZKDefs.h in Headers */ = {isa = PBXBuildFile; fileRef = AA153C0018FEFC45007B4785 /* ZKDefs.h */; settings = {ATTRIBUTES = (Public, ); }; };
		AA153C2918FEFC45007B4785 /* ZKDefs.m in Sources */ = {isa = PBXBuildFile; fileRef = AA153C0118FEFC45007B4785 /* ZKDefs.m */; };
		AA153C2A18FEFC45007B4785 /* ZKFileArchive.h in Headers */ = {isa = PBXBuildFile; fileRef = AA153C0218FEFC45007B4785 /* ZKFileArchive.h */; settings = {ATTRIBUTES = (Public, ); }; };
		AA153C2B18FEFC45007B4785 /* ZKFileArchive.m in Sources */ = {isa = PBXBuildFile; fileRef = AA153C0318FEFC45007B4785 /* ZKFileArchive.m */; };
		AA153C2C18FEFC45007B4785 /* ZKLFHeader.h in Headers */ = {isa = PBXBuildFile; fileRef = AA153C0418FEFC45007B4785 /* ZKLFHeader.h */; settings = {ATTRIBUTES = (Public, ); }; };
		AA153C2D18FEFC45007B4785 /* ZKLFHeader.m in Sources */ = {isa = PBXBuildFile; fileRef = AA153C0518FEFC45007B4785 /* ZKLFHeader.m */; };
		AA153C2E18FEFC45007B4785 /* ZKLog.h in Headers */ = {isa = PBXBuildFile; fileRef = AA153C0618FEFC45007B4785 /* ZKLog.h */; settings = {ATTRIBUTES = (Public, ); }; };
		AA153C2F18FEFC45007B4785 /* ZKLog.m in Sources */ = {isa = PBXBuildFile; fileRef = AA153C0718FEFC45007B4785 /* ZKLog.m */; };
		AA153C3618FF057D007B4785 /* BitmessageKit.h in Headers */ = {isa = PBXBuildFile; fileRef = 8EDE5B8A18F59414009A726A /* BitmessageKit.h */; settings = {ATTRIBUTES = (Public, ); }; };
		AA27EF2D19A80199000E0339 /* BMProcesses.h in Headers */ = {isa = PBXBuildFile; fileRef = AA27EF2B19A80199000E0339 /* BMProcesses.h */; settings = {ATTRIBUTES = (Public, ); }; };
		AA27EF2E19A80199000E0339 /* BMProcesses.m in Sources */ = {isa = PBXBuildFile; fileRef = AA27EF2C19A80199000E0339 /* BMProcesses.m */; };
		AA27EF3519A802D2000E0339 /* BMTorProcess.h in Headers */ = {isa = PBXBuildFile; fileRef = AA27EF3319A802D2000E0339 /* BMTorProcess.h */; settings = {ATTRIBUTES = (Public, ); }; };
		AA27EF3619A802D2000E0339 /* BMTorProcess.m in Sources */ = {isa = PBXBuildFile; fileRef = AA27EF3419A802D2000E0339 /* BMTorProcess.m */; };
		AA5DFE02190DF03B00383283 /* NavNodeKit.framework in Frameworks */ = {isa = PBXBuildFile; fileRef = AA5DFDFD190DF03B00383283 /* NavNodeKit.framework */; };
		AA5DFE04190DF03B00383283 /* FoundationCategoriesKit.framework in Frameworks */ = {isa = PBXBuildFile; fileRef = AA5DFDFF190DF03B00383283 /* FoundationCategoriesKit.framework */; };
		AA9A6570199ECF5800993E8B /* BMMergable.h in Headers */ = {isa = PBXBuildFile; fileRef = AA9A656E199ECF5800993E8B /* BMMergable.h */; settings = {ATTRIBUTES = (Public, ); }; };
		AA9A6571199ECF5800993E8B /* BMMergable.m in Sources */ = {isa = PBXBuildFile; fileRef = AA9A656F199ECF5800993E8B /* BMMergable.m */; };
		AA9A6579199EDA9700993E8B /* BMUnreadCountable.h in Headers */ = {isa = PBXBuildFile; fileRef = AA9A6577199EDA9700993E8B /* BMUnreadCountable.h */; settings = {ATTRIBUTES = (Public, ); }; };
		AA9A657A199EDA9700993E8B /* BMUnreadCountable.m in Sources */ = {isa = PBXBuildFile; fileRef = AA9A6578199EDA9700993E8B /* BMUnreadCountable.m */; };
		AACD78101905C765008832FB /* NavNodeKit.framework in Frameworks */ = {isa = PBXBuildFile; fileRef = AACD78021905C4F6008832FB /* NavNodeKit.framework */; };
		AAE31DBD18FF11A000405754 /* static-python in Resources */ = {isa = PBXBuildFile; fileRef = AAE31DBC18FF11A000405754 /* static-python */; };
		AAE31EEA18FF21BE00405754 /* FoundationCategoriesKit.framework in Frameworks */ = {isa = PBXBuildFile; fileRef = AAE31EE718FF219B00405754 /* FoundationCategoriesKit.framework */; };
/* End PBXBuildFile section */

/* Begin PBXContainerItemProxy section */
		8EDE5B9518F59414009A726A /* PBXContainerItemProxy */ = {
			isa = PBXContainerItemProxy;
			containerPortal = 8EDE5B7118F59414009A726A /* Project object */;
			proxyType = 1;
			remoteGlobalIDString = 8EDE5B7918F59414009A726A;
			remoteInfo = BitmessageKit;
		};
		AACD78011905C4F6008832FB /* PBXContainerItemProxy */ = {
			isa = PBXContainerItemProxy;
			containerPortal = AACD77F91905C4F5008832FB /* NavNodeKit.xcodeproj */;
			proxyType = 2;
			remoteGlobalIDString = AACD77AF1905C051008832FB;
			remoteInfo = NavNodeKit;
		};
		AACD78031905C4F6008832FB /* PBXContainerItemProxy */ = {
			isa = PBXContainerItemProxy;
			containerPortal = AACD77F91905C4F5008832FB /* NavNodeKit.xcodeproj */;
			proxyType = 2;
			remoteGlobalIDString = AACD77C61905C051008832FB;
			remoteInfo = NavNodeKitTests;
		};
		AAE31EE618FF219B00405754 /* PBXContainerItemProxy */ = {
			isa = PBXContainerItemProxy;
			containerPortal = AAE31EE118FF219B00405754 /* FoundationCategoriesKit.xcodeproj */;
			proxyType = 2;
			remoteGlobalIDString = AAE31E8D18FF1E3F00405754;
			remoteInfo = FoundationCategoriesKit;
		};
		AAE31EE818FF219B00405754 /* PBXContainerItemProxy */ = {
			isa = PBXContainerItemProxy;
			containerPortal = AAE31EE118FF219B00405754 /* FoundationCategoriesKit.xcodeproj */;
			proxyType = 2;
			remoteGlobalIDString = AAE31EA418FF1E3F00405754;
			remoteInfo = FoundationCategoriesKitTests;
		};
/* End PBXContainerItemProxy section */

/* Begin PBXFileReference section */
		8EBC9BAD191803D700FE71FA /* tor */ = {isa = PBXFileReference; lastKnownFileType = folder; name = tor; path = BitmessageKit/Vendor/tor; sourceTree = "<group>"; };
		8ED41FA218F595BF0025A51B /* static-python */ = {isa = PBXFileReference; lastKnownFileType = folder; name = "static-python"; path = "BitmessageKit/Vendor/static-python"; sourceTree = "<group>"; };
		8ED41FA418F595DA0025A51B /* pybitmessage */ = {isa = PBXFileReference; lastKnownFileType = folder; name = pybitmessage; path = BitmessageKit/Vendor/pybitmessage; sourceTree = "<group>"; };
		8ED41FA718F596310025A51B /* NSData+Base64.h */ = {isa = PBXFileReference; fileEncoding = 4; lastKnownFileType = sourcecode.c.h; name = "NSData+Base64.h"; path = "BitmessageKit/Vendor/xmlrpc/NSData+Base64.h"; sourceTree = "<group>"; };
		8ED41FA818F596310025A51B /* NSData+Base64.m */ = {isa = PBXFileReference; fileEncoding = 4; lastKnownFileType = sourcecode.c.objc; name = "NSData+Base64.m"; path = "BitmessageKit/Vendor/xmlrpc/NSData+Base64.m"; sourceTree = "<group>"; };
		8ED41FA918F596310025A51B /* NSStringAdditions.h */ = {isa = PBXFileReference; fileEncoding = 4; lastKnownFileType = sourcecode.c.h; name = NSStringAdditions.h; path = BitmessageKit/Vendor/xmlrpc/NSStringAdditions.h; sourceTree = "<group>"; };
		8ED41FAA18F596310025A51B /* NSStringAdditions.m */ = {isa = PBXFileReference; fileEncoding = 4; lastKnownFileType = sourcecode.c.objc; name = NSStringAdditions.m; path = BitmessageKit/Vendor/xmlrpc/NSStringAdditions.m; sourceTree = "<group>"; };
		8ED41FAB18F596310025A51B /* XMLRPC.h */ = {isa = PBXFileReference; fileEncoding = 4; lastKnownFileType = sourcecode.c.h; name = XMLRPC.h; path = BitmessageKit/Vendor/xmlrpc/XMLRPC.h; sourceTree = "<group>"; };
		8ED41FAC18F596310025A51B /* XMLRPCConnection.h */ = {isa = PBXFileReference; fileEncoding = 4; lastKnownFileType = sourcecode.c.h; name = XMLRPCConnection.h; path = BitmessageKit/Vendor/xmlrpc/XMLRPCConnection.h; sourceTree = "<group>"; };
		8ED41FAD18F596310025A51B /* XMLRPCConnection.m */ = {isa = PBXFileReference; fileEncoding = 4; lastKnownFileType = sourcecode.c.objc; name = XMLRPCConnection.m; path = BitmessageKit/Vendor/xmlrpc/XMLRPCConnection.m; sourceTree = "<group>"; };
		8ED41FAE18F596310025A51B /* XMLRPCConnectionDelegate.h */ = {isa = PBXFileReference; fileEncoding = 4; lastKnownFileType = sourcecode.c.h; name = XMLRPCConnectionDelegate.h; path = BitmessageKit/Vendor/xmlrpc/XMLRPCConnectionDelegate.h; sourceTree = "<group>"; };
		8ED41FAF18F596310025A51B /* XMLRPCConnectionManager.h */ = {isa = PBXFileReference; fileEncoding = 4; lastKnownFileType = sourcecode.c.h; name = XMLRPCConnectionManager.h; path = BitmessageKit/Vendor/xmlrpc/XMLRPCConnectionManager.h; sourceTree = "<group>"; };
		8ED41FB018F596310025A51B /* XMLRPCConnectionManager.m */ = {isa = PBXFileReference; fileEncoding = 4; lastKnownFileType = sourcecode.c.objc; name = XMLRPCConnectionManager.m; path = BitmessageKit/Vendor/xmlrpc/XMLRPCConnectionManager.m; sourceTree = "<group>"; };
		8ED41FB118F596310025A51B /* XMLRPCDefaultEncoder.h */ = {isa = PBXFileReference; fileEncoding = 4; lastKnownFileType = sourcecode.c.h; name = XMLRPCDefaultEncoder.h; path = BitmessageKit/Vendor/xmlrpc/XMLRPCDefaultEncoder.h; sourceTree = "<group>"; };
		8ED41FB218F596310025A51B /* XMLRPCDefaultEncoder.m */ = {isa = PBXFileReference; fileEncoding = 4; lastKnownFileType = sourcecode.c.objc; name = XMLRPCDefaultEncoder.m; path = BitmessageKit/Vendor/xmlrpc/XMLRPCDefaultEncoder.m; sourceTree = "<group>"; };
		8ED41FB318F596310025A51B /* XMLRPCEncoder.h */ = {isa = PBXFileReference; fileEncoding = 4; lastKnownFileType = sourcecode.c.h; name = XMLRPCEncoder.h; path = BitmessageKit/Vendor/xmlrpc/XMLRPCEncoder.h; sourceTree = "<group>"; };
		8ED41FB418F596310025A51B /* XMLRPCEventBasedParser.h */ = {isa = PBXFileReference; fileEncoding = 4; lastKnownFileType = sourcecode.c.h; name = XMLRPCEventBasedParser.h; path = BitmessageKit/Vendor/xmlrpc/XMLRPCEventBasedParser.h; sourceTree = "<group>"; };
		8ED41FB518F596310025A51B /* XMLRPCEventBasedParser.m */ = {isa = PBXFileReference; fileEncoding = 4; lastKnownFileType = sourcecode.c.objc; name = XMLRPCEventBasedParser.m; path = BitmessageKit/Vendor/xmlrpc/XMLRPCEventBasedParser.m; sourceTree = "<group>"; };
		8ED41FB618F596310025A51B /* XMLRPCEventBasedParserDelegate.h */ = {isa = PBXFileReference; fileEncoding = 4; lastKnownFileType = sourcecode.c.h; name = XMLRPCEventBasedParserDelegate.h; path = BitmessageKit/Vendor/xmlrpc/XMLRPCEventBasedParserDelegate.h; sourceTree = "<group>"; };
		8ED41FB718F596310025A51B /* XMLRPCEventBasedParserDelegate.m */ = {isa = PBXFileReference; fileEncoding = 4; lastKnownFileType = sourcecode.c.objc; name = XMLRPCEventBasedParserDelegate.m; path = BitmessageKit/Vendor/xmlrpc/XMLRPCEventBasedParserDelegate.m; sourceTree = "<group>"; };
		8ED41FB818F596310025A51B /* XMLRPCRequest.h */ = {isa = PBXFileReference; fileEncoding = 4; lastKnownFileType = sourcecode.c.h; name = XMLRPCRequest.h; path = BitmessageKit/Vendor/xmlrpc/XMLRPCRequest.h; sourceTree = "<group>"; };
		8ED41FB918F596310025A51B /* XMLRPCRequest.m */ = {isa = PBXFileReference; fileEncoding = 4; lastKnownFileType = sourcecode.c.objc; name = XMLRPCRequest.m; path = BitmessageKit/Vendor/xmlrpc/XMLRPCRequest.m; sourceTree = "<group>"; };
		8ED41FBA18F596310025A51B /* XMLRPCResponse.h */ = {isa = PBXFileReference; fileEncoding = 4; lastKnownFileType = sourcecode.c.h; name = XMLRPCResponse.h; path = BitmessageKit/Vendor/xmlrpc/XMLRPCResponse.h; sourceTree = "<group>"; };
		8ED41FBB18F596310025A51B /* XMLRPCResponse.m */ = {isa = PBXFileReference; fileEncoding = 4; lastKnownFileType = sourcecode.c.objc; name = XMLRPCResponse.m; path = BitmessageKit/Vendor/xmlrpc/XMLRPCResponse.m; sourceTree = "<group>"; };
		8EDE5B7A18F59414009A726A /* BitmessageKit.framework */ = {isa = PBXFileReference; explicitFileType = wrapper.framework; includeInIndex = 0; path = BitmessageKit.framework; sourceTree = BUILT_PRODUCTS_DIR; };
		8EDE5B7D18F59414009A726A /* Cocoa.framework */ = {isa = PBXFileReference; lastKnownFileType = wrapper.framework; name = Cocoa.framework; path = System/Library/Frameworks/Cocoa.framework; sourceTree = SDKROOT; };
		8EDE5B8018F59414009A726A /* Foundation.framework */ = {isa = PBXFileReference; lastKnownFileType = wrapper.framework; name = Foundation.framework; path = System/Library/Frameworks/Foundation.framework; sourceTree = SDKROOT; };
		8EDE5B8118F59414009A726A /* CoreData.framework */ = {isa = PBXFileReference; lastKnownFileType = wrapper.framework; name = CoreData.framework; path = System/Library/Frameworks/CoreData.framework; sourceTree = SDKROOT; };
		8EDE5B8218F59414009A726A /* AppKit.framework */ = {isa = PBXFileReference; lastKnownFileType = wrapper.framework; name = AppKit.framework; path = System/Library/Frameworks/AppKit.framework; sourceTree = SDKROOT; };
		8EDE5B8518F59414009A726A /* BitmessageKit-Info.plist */ = {isa = PBXFileReference; lastKnownFileType = text.plist.xml; path = "BitmessageKit-Info.plist"; sourceTree = "<group>"; };
		8EDE5B8718F59414009A726A /* en */ = {isa = PBXFileReference; lastKnownFileType = text.plist.strings; name = en; path = en.lproj/InfoPlist.strings; sourceTree = "<group>"; };
		8EDE5B8918F59414009A726A /* BitmessageKit-Prefix.pch */ = {isa = PBXFileReference; lastKnownFileType = sourcecode.c.h; path = "BitmessageKit-Prefix.pch"; sourceTree = "<group>"; };
		8EDE5B8A18F59414009A726A /* BitmessageKit.h */ = {isa = PBXFileReference; lastKnownFileType = sourcecode.c.h; path = BitmessageKit.h; sourceTree = "<group>"; };
		8EDE5B9118F59414009A726A /* BitmessageKitTests.xctest */ = {isa = PBXFileReference; explicitFileType = wrapper.cfbundle; includeInIndex = 0; path = BitmessageKitTests.xctest; sourceTree = BUILT_PRODUCTS_DIR; };
		8EDE5B9218F59414009A726A /* XCTest.framework */ = {isa = PBXFileReference; lastKnownFileType = wrapper.framework; name = XCTest.framework; path = Library/Frameworks/XCTest.framework; sourceTree = DEVELOPER_DIR; };
		8EDE5B9A18F59414009A726A /* BitmessageKitTests-Info.plist */ = {isa = PBXFileReference; lastKnownFileType = text.plist.xml; path = "BitmessageKitTests-Info.plist"; sourceTree = "<group>"; };
		8EDE5B9C18F59414009A726A /* en */ = {isa = PBXFileReference; lastKnownFileType = text.plist.strings; name = en; path = en.lproj/InfoPlist.strings; sourceTree = "<group>"; };
		8EDE5B9E18F59414009A726A /* BitmessageKitTests.m */ = {isa = PBXFileReference; lastKnownFileType = sourcecode.c.objc; path = BitmessageKitTests.m; sourceTree = "<group>"; };
		8EDE5BB818F594EA009A726A /* BMAddress.h */ = {isa = PBXFileReference; fileEncoding = 4; lastKnownFileType = sourcecode.c.h; name = BMAddress.h; path = BitmessageKit/BitMessage/Objects/Base/BMAddress.h; sourceTree = SOURCE_ROOT; };
		8EDE5BB918F594EA009A726A /* BMAddress.m */ = {isa = PBXFileReference; fileEncoding = 4; lastKnownFileType = sourcecode.c.objc; path = BMAddress.m; sourceTree = "<group>"; };
		8EDE5BBA18F594EA009A726A /* BMAddressed.h */ = {isa = PBXFileReference; fileEncoding = 4; lastKnownFileType = sourcecode.c.h; path = BMAddressed.h; sourceTree = "<group>"; };
		8EDE5BBB18F594EA009A726A /* BMAddressed.m */ = {isa = PBXFileReference; fileEncoding = 4; lastKnownFileType = sourcecode.c.objc; path = BMAddressed.m; sourceTree = "<group>"; };
		8EDE5BBC18F594EA009A726A /* BMClient.h */ = {isa = PBXFileReference; fileEncoding = 4; lastKnownFileType = sourcecode.c.h; path = BMClient.h; sourceTree = "<group>"; };
		8EDE5BBD18F594EA009A726A /* BMClient.m */ = {isa = PBXFileReference; fileEncoding = 4; lastKnownFileType = sourcecode.c.objc; path = BMClient.m; sourceTree = "<group>"; };
		8EDE5BBE18F594EA009A726A /* BMNode.h */ = {isa = PBXFileReference; fileEncoding = 4; lastKnownFileType = sourcecode.c.h; path = BMNode.h; sourceTree = "<group>"; };
		8EDE5BBF18F594EA009A726A /* BMNode.m */ = {isa = PBXFileReference; fileEncoding = 4; lastKnownFileType = sourcecode.c.objc; path = BMNode.m; sourceTree = "<group>"; };
		8EDE5BC118F594EA009A726A /* BMChannel.h */ = {isa = PBXFileReference; fileEncoding = 4; lastKnownFileType = sourcecode.c.h; path = BMChannel.h; sourceTree = "<group>"; };
		8EDE5BC218F594EA009A726A /* BMChannel.m */ = {isa = PBXFileReference; fileEncoding = 4; lastKnownFileType = sourcecode.c.objc; path = BMChannel.m; sourceTree = "<group>"; };
		8EDE5BC318F594EA009A726A /* BMChannels.h */ = {isa = PBXFileReference; fileEncoding = 4; lastKnownFileType = sourcecode.c.h; path = BMChannels.h; sourceTree = "<group>"; };
		8EDE5BC418F594EA009A726A /* BMChannels.m */ = {isa = PBXFileReference; fileEncoding = 4; lastKnownFileType = sourcecode.c.objc; path = BMChannels.m; sourceTree = "<group>"; };
		8EDE5BC618F594EA009A726A /* BMContact.h */ = {isa = PBXFileReference; fileEncoding = 4; lastKnownFileType = sourcecode.c.h; path = BMContact.h; sourceTree = "<group>"; };
		8EDE5BC718F594EA009A726A /* BMContact.m */ = {isa = PBXFileReference; fileEncoding = 4; lastKnownFileType = sourcecode.c.objc; path = BMContact.m; sourceTree = "<group>"; };
		8EDE5BC818F594EA009A726A /* BMContacts.h */ = {isa = PBXFileReference; fileEncoding = 4; lastKnownFileType = sourcecode.c.h; path = BMContacts.h; sourceTree = "<group>"; };
		8EDE5BC918F594EA009A726A /* BMContacts.m */ = {isa = PBXFileReference; fileEncoding = 4; lastKnownFileType = sourcecode.c.objc; path = BMContacts.m; sourceTree = "<group>"; };
		8EDE5BCB18F594EA009A726A /* BMIdentities.h */ = {isa = PBXFileReference; fileEncoding = 4; lastKnownFileType = sourcecode.c.h; path = BMIdentities.h; sourceTree = "<group>"; };
		8EDE5BCC18F594EA009A726A /* BMIdentities.m */ = {isa = PBXFileReference; fileEncoding = 4; lastKnownFileType = sourcecode.c.objc; path = BMIdentities.m; sourceTree = "<group>"; };
		8EDE5BCD18F594EA009A726A /* BMIdentity.h */ = {isa = PBXFileReference; fileEncoding = 4; lastKnownFileType = sourcecode.c.h; path = BMIdentity.h; sourceTree = "<group>"; };
		8EDE5BCE18F594EA009A726A /* BMIdentity.m */ = {isa = PBXFileReference; fileEncoding = 4; lastKnownFileType = sourcecode.c.objc; path = BMIdentity.m; sourceTree = "<group>"; };
		8EDE5BD018F594EA009A726A /* BMMessage.h */ = {isa = PBXFileReference; fileEncoding = 4; lastKnownFileType = sourcecode.c.h; path = BMMessage.h; sourceTree = "<group>"; };
		8EDE5BD118F594EA009A726A /* BMMessage.m */ = {isa = PBXFileReference; fileEncoding = 4; lastKnownFileType = sourcecode.c.objc; path = BMMessage.m; sourceTree = "<group>"; };
		8EDE5BD218F594EA009A726A /* BMMessageGroup.h */ = {isa = PBXFileReference; fileEncoding = 4; lastKnownFileType = sourcecode.c.h; path = BMMessageGroup.h; sourceTree = "<group>"; };
		8EDE5BD318F594EA009A726A /* BMMessageGroup.m */ = {isa = PBXFileReference; fileEncoding = 4; lastKnownFileType = sourcecode.c.objc; path = BMMessageGroup.m; sourceTree = "<group>"; };
		8EDE5BD418F594EA009A726A /* BMMessages.h */ = {isa = PBXFileReference; fileEncoding = 4; lastKnownFileType = sourcecode.c.h; path = BMMessages.h; sourceTree = "<group>"; };
		8EDE5BD518F594EA009A726A /* BMMessages.m */ = {isa = PBXFileReference; fileEncoding = 4; lastKnownFileType = sourcecode.c.objc; path = BMMessages.m; sourceTree = "<group>"; };
		8EDE5BD618F594EA009A726A /* BMReceivedMessage.h */ = {isa = PBXFileReference; fileEncoding = 4; lastKnownFileType = sourcecode.c.h; path = BMReceivedMessage.h; sourceTree = "<group>"; };
		8EDE5BD718F594EA009A726A /* BMReceivedMessage.m */ = {isa = PBXFileReference; fileEncoding = 4; lastKnownFileType = sourcecode.c.objc; path = BMReceivedMessage.m; sourceTree = "<group>"; };
		8EDE5BD818F594EA009A726A /* BMReceivedMessages.h */ = {isa = PBXFileReference; fileEncoding = 4; lastKnownFileType = sourcecode.c.h; path = BMReceivedMessages.h; sourceTree = "<group>"; };
		8EDE5BD918F594EA009A726A /* BMReceivedMessages.m */ = {isa = PBXFileReference; fileEncoding = 4; lastKnownFileType = sourcecode.c.objc; path = BMReceivedMessages.m; sourceTree = "<group>"; };
		8EDE5BDA18F594EA009A726A /* BMSentMessage.h */ = {isa = PBXFileReference; fileEncoding = 4; lastKnownFileType = sourcecode.c.h; path = BMSentMessage.h; sourceTree = "<group>"; };
		8EDE5BDB18F594EA009A726A /* BMSentMessage.m */ = {isa = PBXFileReference; fileEncoding = 4; lastKnownFileType = sourcecode.c.objc; path = BMSentMessage.m; sourceTree = "<group>"; };
		8EDE5BDC18F594EA009A726A /* BMSentMessages.h */ = {isa = PBXFileReference; fileEncoding = 4; lastKnownFileType = sourcecode.c.h; path = BMSentMessages.h; sourceTree = "<group>"; };
		8EDE5BDD18F594EA009A726A /* BMSentMessages.m */ = {isa = PBXFileReference; fileEncoding = 4; lastKnownFileType = sourcecode.c.objc; path = BMSentMessages.m; sourceTree = "<group>"; };
		8EDE5BDF18F594EA009A726A /* BMSubscription.h */ = {isa = PBXFileReference; fileEncoding = 4; lastKnownFileType = sourcecode.c.h; path = BMSubscription.h; sourceTree = "<group>"; };
		8EDE5BE018F594EA009A726A /* BMSubscription.m */ = {isa = PBXFileReference; fileEncoding = 4; lastKnownFileType = sourcecode.c.objc; path = BMSubscription.m; sourceTree = "<group>"; };
		8EDE5BE118F594EA009A726A /* BMSubscriptions.h */ = {isa = PBXFileReference; fileEncoding = 4; lastKnownFileType = sourcecode.c.h; path = BMSubscriptions.h; sourceTree = "<group>"; };
		8EDE5BE218F594EA009A726A /* BMSubscriptions.m */ = {isa = PBXFileReference; fileEncoding = 4; lastKnownFileType = sourcecode.c.objc; path = BMSubscriptions.m; sourceTree = "<group>"; };
		8EDE5BE418F594EA009A726A /* BMProxyMessage.h */ = {isa = PBXFileReference; fileEncoding = 4; lastKnownFileType = sourcecode.c.h; path = BMProxyMessage.h; sourceTree = "<group>"; };
		8EDE5BE518F594EA009A726A /* BMProxyMessage.m */ = {isa = PBXFileReference; fileEncoding = 4; lastKnownFileType = sourcecode.c.objc; path = BMProxyMessage.m; sourceTree = "<group>"; };
		8EDE5BE918F594EA009A726A /* BMDatabase.h */ = {isa = PBXFileReference; fileEncoding = 4; lastKnownFileType = sourcecode.c.h; path = BMDatabase.h; sourceTree = "<group>"; };
		8EDE5BEA18F594EA009A726A /* BMDatabase.m */ = {isa = PBXFileReference; fileEncoding = 4; lastKnownFileType = sourcecode.c.objc; path = BMDatabase.m; sourceTree = "<group>"; };
		8EDE5BEB18F594EA009A726A /* BMKeysFile.h */ = {isa = PBXFileReference; fileEncoding = 4; lastKnownFileType = sourcecode.c.h; path = BMKeysFile.h; sourceTree = "<group>"; };
		8EDE5BEC18F594EA009A726A /* BMKeysFile.m */ = {isa = PBXFileReference; fileEncoding = 4; lastKnownFileType = sourcecode.c.objc; path = BMKeysFile.m; sourceTree = "<group>"; };
		8EDE5BED18F594EA009A726A /* BMServerProcess.h */ = {isa = PBXFileReference; fileEncoding = 4; lastKnownFileType = sourcecode.c.h; path = BMServerProcess.h; sourceTree = "<group>"; };
		8EDE5BEE18F594EA009A726A /* BMServerProcess.m */ = {isa = PBXFileReference; fileEncoding = 4; lastKnownFileType = sourcecode.c.objc; path = BMServerProcess.m; sourceTree = "<group>"; };
		8EDE5BEF18F594EA009A726A /* JSONDB.h */ = {isa = PBXFileReference; fileEncoding = 4; lastKnownFileType = sourcecode.c.h; path = JSONDB.h; sourceTree = "<group>"; };
		8EDE5BF018F594EA009A726A /* JSONDB.m */ = {isa = PBXFileReference; fileEncoding = 4; lastKnownFileType = sourcecode.c.objc; path = JSONDB.m; sourceTree = "<group>"; };
		AA0E588D18FEE3FD0095DEBD /* BMArchive.h */ = {isa = PBXFileReference; fileEncoding = 4; lastKnownFileType = sourcecode.c.h; path = BMArchive.h; sourceTree = "<group>"; };
		AA0E588E18FEE3FD0095DEBD /* BMArchive.m */ = {isa = PBXFileReference; fileEncoding = 4; lastKnownFileType = sourcecode.c.objc; path = BMArchive.m; sourceTree = "<group>"; };
		AA0E58E318FEE4830095DEBD /* libz.dylib */ = {isa = PBXFileReference; lastKnownFileType = "compiled.mach-o.dylib"; name = libz.dylib; path = usr/lib/libz.dylib; sourceTree = SDKROOT; };
		AA153BDF18FEFC45007B4785 /* GMAppleDouble+ZKAdditions.h */ = {isa = PBXFileReference; fileEncoding = 4; lastKnownFileType = sourcecode.c.h; path = "GMAppleDouble+ZKAdditions.h"; sourceTree = "<group>"; };
		AA153BE018FEFC45007B4785 /* GMAppleDouble+ZKAdditions.m */ = {isa = PBXFileReference; fileEncoding = 4; lastKnownFileType = sourcecode.c.objc; path = "GMAppleDouble+ZKAdditions.m"; sourceTree = "<group>"; };
		AA153BE218FEFC45007B4785 /* COPYING.TXT */ = {isa = PBXFileReference; fileEncoding = 4; lastKnownFileType = text; path = COPYING.TXT; sourceTree = "<group>"; };
		AA153BE318FEFC45007B4785 /* GMAppleDouble.h */ = {isa = PBXFileReference; fileEncoding = 4; lastKnownFileType = sourcecode.c.h; path = GMAppleDouble.h; sourceTree = "<group>"; };
		AA153BE418FEFC45007B4785 /* GMAppleDouble.m */ = {isa = PBXFileReference; fileEncoding = 4; lastKnownFileType = sourcecode.c.objc; path = GMAppleDouble.m; sourceTree = "<group>"; };
		AA153BE518FEFC45007B4785 /* NSData+ZKAdditions.h */ = {isa = PBXFileReference; fileEncoding = 4; lastKnownFileType = sourcecode.c.h; path = "NSData+ZKAdditions.h"; sourceTree = "<group>"; };
		AA153BE618FEFC45007B4785 /* NSData+ZKAdditions.m */ = {isa = PBXFileReference; fileEncoding = 4; lastKnownFileType = sourcecode.c.objc; path = "NSData+ZKAdditions.m"; sourceTree = "<group>"; };
		AA153BE718FEFC45007B4785 /* NSDate+ZKAdditions.h */ = {isa = PBXFileReference; fileEncoding = 4; lastKnownFileType = sourcecode.c.h; path = "NSDate+ZKAdditions.h"; sourceTree = "<group>"; };
		AA153BE818FEFC45007B4785 /* NSDate+ZKAdditions.m */ = {isa = PBXFileReference; fileEncoding = 4; lastKnownFileType = sourcecode.c.objc; path = "NSDate+ZKAdditions.m"; sourceTree = "<group>"; };
		AA153BE918FEFC45007B4785 /* NSDictionary+ZKAdditions.h */ = {isa = PBXFileReference; fileEncoding = 4; lastKnownFileType = sourcecode.c.h; path = "NSDictionary+ZKAdditions.h"; sourceTree = "<group>"; };
		AA153BEA18FEFC45007B4785 /* NSDictionary+ZKAdditions.m */ = {isa = PBXFileReference; fileEncoding = 4; lastKnownFileType = sourcecode.c.objc; path = "NSDictionary+ZKAdditions.m"; sourceTree = "<group>"; };
		AA153BEB18FEFC45007B4785 /* NSFileHandle+ZKAdditions.h */ = {isa = PBXFileReference; fileEncoding = 4; lastKnownFileType = sourcecode.c.h; path = "NSFileHandle+ZKAdditions.h"; sourceTree = "<group>"; };
		AA153BEC18FEFC45007B4785 /* NSFileHandle+ZKAdditions.m */ = {isa = PBXFileReference; fileEncoding = 4; lastKnownFileType = sourcecode.c.objc; path = "NSFileHandle+ZKAdditions.m"; sourceTree = "<group>"; };
		AA153BED18FEFC45007B4785 /* NSFileManager+ZKAdditions.h */ = {isa = PBXFileReference; fileEncoding = 4; lastKnownFileType = sourcecode.c.h; path = "NSFileManager+ZKAdditions.h"; sourceTree = "<group>"; };
		AA153BEE18FEFC45007B4785 /* NSFileManager+ZKAdditions.m */ = {isa = PBXFileReference; fileEncoding = 4; lastKnownFileType = sourcecode.c.objc; path = "NSFileManager+ZKAdditions.m"; sourceTree = "<group>"; };
		AA153BEF18FEFC45007B4785 /* NSString+ZKAdditions.h */ = {isa = PBXFileReference; fileEncoding = 4; lastKnownFileType = sourcecode.c.h; path = "NSString+ZKAdditions.h"; sourceTree = "<group>"; };
		AA153BF018FEFC45007B4785 /* NSString+ZKAdditions.m */ = {isa = PBXFileReference; fileEncoding = 4; lastKnownFileType = sourcecode.c.objc; path = "NSString+ZKAdditions.m"; sourceTree = "<group>"; };
		AA153BF118FEFC45007B4785 /* ZipKit-Info.plist */ = {isa = PBXFileReference; fileEncoding = 4; lastKnownFileType = text.plist.xml; path = "ZipKit-Info.plist"; sourceTree = "<group>"; };
		AA153BF218FEFC45007B4785 /* ZipKit-Prefix.pch */ = {isa = PBXFileReference; fileEncoding = 4; lastKnownFileType = sourcecode.c.h; path = "ZipKit-Prefix.pch"; sourceTree = "<group>"; };
		AA153BF318FEFC45007B4785 /* ZipKit.h */ = {isa = PBXFileReference; fileEncoding = 4; lastKnownFileType = sourcecode.c.h; path = ZipKit.h; sourceTree = "<group>"; };
		AA153BF418FEFC45007B4785 /* ZKArchive.h */ = {isa = PBXFileReference; fileEncoding = 4; lastKnownFileType = sourcecode.c.h; path = ZKArchive.h; sourceTree = "<group>"; };
		AA153BF518FEFC45007B4785 /* ZKArchive.m */ = {isa = PBXFileReference; fileEncoding = 4; lastKnownFileType = sourcecode.c.objc; path = ZKArchive.m; sourceTree = "<group>"; };
		AA153BF618FEFC45007B4785 /* ZKCDHeader.h */ = {isa = PBXFileReference; fileEncoding = 4; lastKnownFileType = sourcecode.c.h; path = ZKCDHeader.h; sourceTree = "<group>"; };
		AA153BF718FEFC45007B4785 /* ZKCDHeader.m */ = {isa = PBXFileReference; fileEncoding = 4; lastKnownFileType = sourcecode.c.objc; path = ZKCDHeader.m; sourceTree = "<group>"; };
		AA153BF818FEFC45007B4785 /* ZKCDTrailer.h */ = {isa = PBXFileReference; fileEncoding = 4; lastKnownFileType = sourcecode.c.h; path = ZKCDTrailer.h; sourceTree = "<group>"; };
		AA153BF918FEFC45007B4785 /* ZKCDTrailer.m */ = {isa = PBXFileReference; fileEncoding = 4; lastKnownFileType = sourcecode.c.objc; path = ZKCDTrailer.m; sourceTree = "<group>"; };
		AA153BFA18FEFC45007B4785 /* ZKCDTrailer64.h */ = {isa = PBXFileReference; fileEncoding = 4; lastKnownFileType = sourcecode.c.h; path = ZKCDTrailer64.h; sourceTree = "<group>"; };
		AA153BFB18FEFC45007B4785 /* ZKCDTrailer64.m */ = {isa = PBXFileReference; fileEncoding = 4; lastKnownFileType = sourcecode.c.objc; path = ZKCDTrailer64.m; sourceTree = "<group>"; };
		AA153BFC18FEFC45007B4785 /* ZKCDTrailer64Locator.h */ = {isa = PBXFileReference; fileEncoding = 4; lastKnownFileType = sourcecode.c.h; path = ZKCDTrailer64Locator.h; sourceTree = "<group>"; };
		AA153BFD18FEFC45007B4785 /* ZKCDTrailer64Locator.m */ = {isa = PBXFileReference; fileEncoding = 4; lastKnownFileType = sourcecode.c.objc; path = ZKCDTrailer64Locator.m; sourceTree = "<group>"; };
		AA153BFE18FEFC45007B4785 /* ZKDataArchive.h */ = {isa = PBXFileReference; fileEncoding = 4; lastKnownFileType = sourcecode.c.h; path = ZKDataArchive.h; sourceTree = "<group>"; };
		AA153BFF18FEFC45007B4785 /* ZKDataArchive.m */ = {isa = PBXFileReference; fileEncoding = 4; lastKnownFileType = sourcecode.c.objc; path = ZKDataArchive.m; sourceTree = "<group>"; };
		AA153C0018FEFC45007B4785 /* ZKDefs.h */ = {isa = PBXFileReference; fileEncoding = 4; lastKnownFileType = sourcecode.c.h; path = ZKDefs.h; sourceTree = "<group>"; };
		AA153C0118FEFC45007B4785 /* ZKDefs.m */ = {isa = PBXFileReference; fileEncoding = 4; lastKnownFileType = sourcecode.c.objc; path = ZKDefs.m; sourceTree = "<group>"; };
		AA153C0218FEFC45007B4785 /* ZKFileArchive.h */ = {isa = PBXFileReference; fileEncoding = 4; lastKnownFileType = sourcecode.c.h; path = ZKFileArchive.h; sourceTree = "<group>"; };
		AA153C0318FEFC45007B4785 /* ZKFileArchive.m */ = {isa = PBXFileReference; fileEncoding = 4; lastKnownFileType = sourcecode.c.objc; path = ZKFileArchive.m; sourceTree = "<group>"; };
		AA153C0418FEFC45007B4785 /* ZKLFHeader.h */ = {isa = PBXFileReference; fileEncoding = 4; lastKnownFileType = sourcecode.c.h; path = ZKLFHeader.h; sourceTree = "<group>"; };
		AA153C0518FEFC45007B4785 /* ZKLFHeader.m */ = {isa = PBXFileReference; fileEncoding = 4; lastKnownFileType = sourcecode.c.objc; path = ZKLFHeader.m; sourceTree = "<group>"; };
		AA153C0618FEFC45007B4785 /* ZKLog.h */ = {isa = PBXFileReference; fileEncoding = 4; lastKnownFileType = sourcecode.c.h; path = ZKLog.h; sourceTree = "<group>"; };
		AA153C0718FEFC45007B4785 /* ZKLog.m */ = {isa = PBXFileReference; fileEncoding = 4; lastKnownFileType = sourcecode.c.objc; path = ZKLog.m; sourceTree = "<group>"; };
		AA27EF2B19A80199000E0339 /* BMProcesses.h */ = {isa = PBXFileReference; fileEncoding = 4; lastKnownFileType = sourcecode.c.h; path = BMProcesses.h; sourceTree = "<group>"; };
		AA27EF2C19A80199000E0339 /* BMProcesses.m */ = {isa = PBXFileReference; fileEncoding = 4; lastKnownFileType = sourcecode.c.objc; path = BMProcesses.m; sourceTree = "<group>"; };
		AA27EF3319A802D2000E0339 /* BMTorProcess.h */ = {isa = PBXFileReference; fileEncoding = 4; lastKnownFileType = sourcecode.c.h; path = BMTorProcess.h; sourceTree = "<group>"; };
		AA27EF3419A802D2000E0339 /* BMTorProcess.m */ = {isa = PBXFileReference; fileEncoding = 4; lastKnownFileType = sourcecode.c.objc; path = BMTorProcess.m; sourceTree = "<group>"; };
		AA5DFDFD190DF03B00383283 /* NavNodeKit.framework */ = {isa = PBXFileReference; lastKnownFileType = wrapper.framework; name = NavNodeKit.framework; path = "../../../../Library/Developer/Xcode/DerivedData/BitMarkets-eenrgxhlyrwgqccvbetldvfypzkj/Build/Products/Debug/NavNodeKit.framework"; sourceTree = "<group>"; };
		AA5DFDFF190DF03B00383283 /* FoundationCategoriesKit.framework */ = {isa = PBXFileReference; lastKnownFileType = wrapper.framework; name = FoundationCategoriesKit.framework; path = "../../../../Library/Developer/Xcode/DerivedData/BitMarkets-eenrgxhlyrwgqccvbetldvfypzkj/Build/Products/Debug/FoundationCategoriesKit.framework"; sourceTree = "<group>"; };
		AA9A656E199ECF5800993E8B /* BMMergable.h */ = {isa = PBXFileReference; fileEncoding = 4; lastKnownFileType = sourcecode.c.h; path = BMMergable.h; sourceTree = "<group>"; };
		AA9A656F199ECF5800993E8B /* BMMergable.m */ = {isa = PBXFileReference; fileEncoding = 4; lastKnownFileType = sourcecode.c.objc; path = BMMergable.m; sourceTree = "<group>"; };
		AA9A6577199EDA9700993E8B /* BMUnreadCountable.h */ = {isa = PBXFileReference; fileEncoding = 4; lastKnownFileType = sourcecode.c.h; path = BMUnreadCountable.h; sourceTree = "<group>"; };
		AA9A6578199EDA9700993E8B /* BMUnreadCountable.m */ = {isa = PBXFileReference; fileEncoding = 4; lastKnownFileType = sourcecode.c.objc; path = BMUnreadCountable.m; sourceTree = "<group>"; };
		AACD77F91905C4F5008832FB /* NavNodeKit.xcodeproj */ = {isa = PBXFileReference; lastKnownFileType = "wrapper.pb-project"; name = NavNodeKit.xcodeproj; path = ../NavNodeKit/NavNodeKit.xcodeproj; sourceTree = "<group>"; };
		AAE31DBC18FF11A000405754 /* static-python */ = {isa = PBXFileReference; lastKnownFileType = folder; name = "static-python"; path = "Vendor/static-python"; sourceTree = "<group>"; };
		AAE31DBE18FF11BA00405754 /* pybitmessage */ = {isa = PBXFileReference; lastKnownFileType = folder; name = pybitmessage; path = Vendor/pybitmessage; sourceTree = "<group>"; };
		AAE31EE118FF219B00405754 /* FoundationCategoriesKit.xcodeproj */ = {isa = PBXFileReference; lastKnownFileType = "wrapper.pb-project"; name = FoundationCategoriesKit.xcodeproj; path = ../FoundationCategoriesKit/FoundationCategoriesKit.xcodeproj; sourceTree = "<group>"; };
/* End PBXFileReference section */

/* Begin PBXFrameworksBuildPhase section */
		8EDE5B7618F59414009A726A /* Frameworks */ = {
			isa = PBXFrameworksBuildPhase;
			buildActionMask = 2147483647;
			files = (
				AACD78101905C765008832FB /* NavNodeKit.framework in Frameworks */,
				AAE31EEA18FF21BE00405754 /* FoundationCategoriesKit.framework in Frameworks */,
				AA0E58E418FEE4830095DEBD /* libz.dylib in Frameworks */,
				8EDE5B7E18F59414009A726A /* Cocoa.framework in Frameworks */,
				AA5DFE04190DF03B00383283 /* FoundationCategoriesKit.framework in Frameworks */,
				AA5DFE02190DF03B00383283 /* NavNodeKit.framework in Frameworks */,
			);
			runOnlyForDeploymentPostprocessing = 0;
		};
		8EDE5B8E18F59414009A726A /* Frameworks */ = {
			isa = PBXFrameworksBuildPhase;
			buildActionMask = 2147483647;
			files = (
				8EDE5B9718F59414009A726A /* BitmessageKit.framework in Frameworks */,
				8EDE5B9418F59414009A726A /* Cocoa.framework in Frameworks */,
				8EDE5B9318F59414009A726A /* XCTest.framework in Frameworks */,
			);
			runOnlyForDeploymentPostprocessing = 0;
		};
/* End PBXFrameworksBuildPhase section */

/* Begin PBXGroup section */
		8ED41FA618F596030025A51B /* xmlrpc */ = {
			isa = PBXGroup;
			children = (
				8ED41FA718F596310025A51B /* NSData+Base64.h */,
				8ED41FA818F596310025A51B /* NSData+Base64.m */,
				8ED41FA918F596310025A51B /* NSStringAdditions.h */,
				8ED41FAA18F596310025A51B /* NSStringAdditions.m */,
				8ED41FAB18F596310025A51B /* XMLRPC.h */,
				8ED41FAC18F596310025A51B /* XMLRPCConnection.h */,
				8ED41FAD18F596310025A51B /* XMLRPCConnection.m */,
				8ED41FAE18F596310025A51B /* XMLRPCConnectionDelegate.h */,
				8ED41FAF18F596310025A51B /* XMLRPCConnectionManager.h */,
				8ED41FB018F596310025A51B /* XMLRPCConnectionManager.m */,
				8ED41FB118F596310025A51B /* XMLRPCDefaultEncoder.h */,
				8ED41FB218F596310025A51B /* XMLRPCDefaultEncoder.m */,
				8ED41FB318F596310025A51B /* XMLRPCEncoder.h */,
				8ED41FB418F596310025A51B /* XMLRPCEventBasedParser.h */,
				8ED41FB518F596310025A51B /* XMLRPCEventBasedParser.m */,
				8ED41FB618F596310025A51B /* XMLRPCEventBasedParserDelegate.h */,
				8ED41FB718F596310025A51B /* XMLRPCEventBasedParserDelegate.m */,
				8ED41FB818F596310025A51B /* XMLRPCRequest.h */,
				8ED41FB918F596310025A51B /* XMLRPCRequest.m */,
				8ED41FBA18F596310025A51B /* XMLRPCResponse.h */,
				8ED41FBB18F596310025A51B /* XMLRPCResponse.m */,
			);
			name = xmlrpc;
			sourceTree = "<group>";
		};
		8EDE5B7018F59414009A726A = {
			isa = PBXGroup;
			children = (
				AACD77F91905C4F5008832FB /* NavNodeKit.xcodeproj */,
				AAE31EE118FF219B00405754 /* FoundationCategoriesKit.xcodeproj */,
				8EDE5C8B18F5953B009A726A /* Vendor */,
				8EDE5B8318F59414009A726A /* BitmessageKit */,
				8EDE5B9818F59414009A726A /* BitmessageKitTests */,
				8EDE5B7C18F59414009A726A /* Frameworks */,
				8EDE5B7B18F59414009A726A /* Products */,
			);
			sourceTree = "<group>";
		};
		8EDE5B7B18F59414009A726A /* Products */ = {
			isa = PBXGroup;
			children = (
				8EDE5B7A18F59414009A726A /* BitmessageKit.framework */,
				8EDE5B9118F59414009A726A /* BitmessageKitTests.xctest */,
			);
			name = Products;
			sourceTree = "<group>";
		};
		8EDE5B7C18F59414009A726A /* Frameworks */ = {
			isa = PBXGroup;
			children = (
				AA5DFDFD190DF03B00383283 /* NavNodeKit.framework */,
				AA5DFDFF190DF03B00383283 /* FoundationCategoriesKit.framework */,
				AA0E58E318FEE4830095DEBD /* libz.dylib */,
				8EDE5B7D18F59414009A726A /* Cocoa.framework */,
				8EDE5B9218F59414009A726A /* XCTest.framework */,
				8EDE5B7F18F59414009A726A /* Other Frameworks */,
			);
			name = Frameworks;
			sourceTree = "<group>";
		};
		8EDE5B7F18F59414009A726A /* Other Frameworks */ = {
			isa = PBXGroup;
			children = (
				8EDE5B8018F59414009A726A /* Foundation.framework */,
				8EDE5B8118F59414009A726A /* CoreData.framework */,
				8EDE5B8218F59414009A726A /* AppKit.framework */,
			);
			name = "Other Frameworks";
			sourceTree = "<group>";
		};
		8EDE5B8318F59414009A726A /* BitmessageKit */ = {
			isa = PBXGroup;
			children = (
				8EDE5BA818F594EA009A726A /* BitMessage */,
				8EDE5B8A18F59414009A726A /* BitmessageKit.h */,
				8EDE5B8418F59414009A726A /* Supporting Files */,
			);
			path = BitmessageKit;
			sourceTree = "<group>";
		};
		8EDE5B8418F59414009A726A /* Supporting Files */ = {
			isa = PBXGroup;
			children = (
				AAE31DBE18FF11BA00405754 /* pybitmessage */,
				AAE31DBC18FF11A000405754 /* static-python */,
				8EDE5B8518F59414009A726A /* BitmessageKit-Info.plist */,
				8EDE5B8618F59414009A726A /* InfoPlist.strings */,
				8EDE5B8918F59414009A726A /* BitmessageKit-Prefix.pch */,
			);
			name = "Supporting Files";
			sourceTree = "<group>";
		};
		8EDE5B9818F59414009A726A /* BitmessageKitTests */ = {
			isa = PBXGroup;
			children = (
				8EDE5B9E18F59414009A726A /* BitmessageKitTests.m */,
				8EDE5B9918F59414009A726A /* Supporting Files */,
			);
			path = BitmessageKitTests;
			sourceTree = "<group>";
		};
		8EDE5B9918F59414009A726A /* Supporting Files */ = {
			isa = PBXGroup;
			children = (
				8EDE5B9A18F59414009A726A /* BitmessageKitTests-Info.plist */,
				8EDE5B9B18F59414009A726A /* InfoPlist.strings */,
			);
			name = "Supporting Files";
			sourceTree = "<group>";
		};
		8EDE5BA818F594EA009A726A /* BitMessage */ = {
			isa = PBXGroup;
			children = (
				8EDE5BB618F594EA009A726A /* Objects */,
				8EDE5BE318F594EA009A726A /* Proxy */,
				8EDE5BE818F594EA009A726A /* Server */,
				8EDE5BF118F594EA009A726A /* Task */,
			);
			path = BitMessage;
			sourceTree = "<group>";
		};
		8EDE5BB618F594EA009A726A /* Objects */ = {
			isa = PBXGroup;
			children = (
				8EDE5BB718F594EA009A726A /* Base */,
				8EDE5BC018F594EA009A726A /* Channels */,
				8EDE5BC518F594EA009A726A /* Contacts */,
				8EDE5BCA18F594EA009A726A /* Indentities */,
				8EDE5BCF18F594EA009A726A /* Messages */,
				8EDE5BDE18F594EA009A726A /* Subscriptions */,
			);
			path = Objects;
			sourceTree = "<group>";
		};
		8EDE5BB718F594EA009A726A /* Base */ = {
			isa = PBXGroup;
			children = (
				8EDE5BBC18F594EA009A726A /* BMClient.h */,
				8EDE5BBD18F594EA009A726A /* BMClient.m */,
				8EDE5BBE18F594EA009A726A /* BMNode.h */,
				8EDE5BBF18F594EA009A726A /* BMNode.m */,
				8EDE5BB818F594EA009A726A /* BMAddress.h */,
				8EDE5BB918F594EA009A726A /* BMAddress.m */,
				AA9A6577199EDA9700993E8B /* BMUnreadCountable.h */,
				AA9A6578199EDA9700993E8B /* BMUnreadCountable.m */,
				8EDE5BBA18F594EA009A726A /* BMAddressed.h */,
				8EDE5BBB18F594EA009A726A /* BMAddressed.m */,
				AA9A656E199ECF5800993E8B /* BMMergable.h */,
				AA9A656F199ECF5800993E8B /* BMMergable.m */,
			);
			path = Base;
			sourceTree = "<group>";
		};
		8EDE5BC018F594EA009A726A /* Channels */ = {
			isa = PBXGroup;
			children = (
				8EDE5BC118F594EA009A726A /* BMChannel.h */,
				8EDE5BC218F594EA009A726A /* BMChannel.m */,
				8EDE5BC318F594EA009A726A /* BMChannels.h */,
				8EDE5BC418F594EA009A726A /* BMChannels.m */,
			);
			path = Channels;
			sourceTree = "<group>";
		};
		8EDE5BC518F594EA009A726A /* Contacts */ = {
			isa = PBXGroup;
			children = (
				8EDE5BC618F594EA009A726A /* BMContact.h */,
				8EDE5BC718F594EA009A726A /* BMContact.m */,
				8EDE5BC818F594EA009A726A /* BMContacts.h */,
				8EDE5BC918F594EA009A726A /* BMContacts.m */,
			);
			path = Contacts;
			sourceTree = "<group>";
		};
		8EDE5BCA18F594EA009A726A /* Indentities */ = {
			isa = PBXGroup;
			children = (
				8EDE5BCB18F594EA009A726A /* BMIdentities.h */,
				8EDE5BCC18F594EA009A726A /* BMIdentities.m */,
				8EDE5BCD18F594EA009A726A /* BMIdentity.h */,
				8EDE5BCE18F594EA009A726A /* BMIdentity.m */,
			);
			path = Indentities;
			sourceTree = "<group>";
		};
		8EDE5BCF18F594EA009A726A /* Messages */ = {
			isa = PBXGroup;
			children = (
				8EDE5BD018F594EA009A726A /* BMMessage.h */,
				8EDE5BD118F594EA009A726A /* BMMessage.m */,
				8EDE5BD218F594EA009A726A /* BMMessageGroup.h */,
				8EDE5BD318F594EA009A726A /* BMMessageGroup.m */,
				8EDE5BD418F594EA009A726A /* BMMessages.h */,
				8EDE5BD518F594EA009A726A /* BMMessages.m */,
				8EDE5BD618F594EA009A726A /* BMReceivedMessage.h */,
				8EDE5BD718F594EA009A726A /* BMReceivedMessage.m */,
				8EDE5BD818F594EA009A726A /* BMReceivedMessages.h */,
				8EDE5BD918F594EA009A726A /* BMReceivedMessages.m */,
				8EDE5BDA18F594EA009A726A /* BMSentMessage.h */,
				8EDE5BDB18F594EA009A726A /* BMSentMessage.m */,
				8EDE5BDC18F594EA009A726A /* BMSentMessages.h */,
				8EDE5BDD18F594EA009A726A /* BMSentMessages.m */,
			);
			path = Messages;
			sourceTree = "<group>";
		};
		8EDE5BDE18F594EA009A726A /* Subscriptions */ = {
			isa = PBXGroup;
			children = (
				8EDE5BDF18F594EA009A726A /* BMSubscription.h */,
				8EDE5BE018F594EA009A726A /* BMSubscription.m */,
				8EDE5BE118F594EA009A726A /* BMSubscriptions.h */,
				8EDE5BE218F594EA009A726A /* BMSubscriptions.m */,
			);
			path = Subscriptions;
			sourceTree = "<group>";
		};
		8EDE5BE318F594EA009A726A /* Proxy */ = {
			isa = PBXGroup;
			children = (
				8EDE5BE418F594EA009A726A /* BMProxyMessage.h */,
				8EDE5BE518F594EA009A726A /* BMProxyMessage.m */,
			);
			path = Proxy;
			sourceTree = "<group>";
		};
		8EDE5BE818F594EA009A726A /* Server */ = {
			isa = PBXGroup;
			children = (
				AA0E588D18FEE3FD0095DEBD /* BMArchive.h */,
				AA0E588E18FEE3FD0095DEBD /* BMArchive.m */,
				8EDE5BE918F594EA009A726A /* BMDatabase.h */,
				8EDE5BEA18F594EA009A726A /* BMDatabase.m */,
				8EDE5BEB18F594EA009A726A /* BMKeysFile.h */,
				8EDE5BEC18F594EA009A726A /* BMKeysFile.m */,
				8EDE5BED18F594EA009A726A /* BMServerProcess.h */,
				8EDE5BEE18F594EA009A726A /* BMServerProcess.m */,
				8EDE5BEF18F594EA009A726A /* JSONDB.h */,
				8EDE5BF018F594EA009A726A /* JSONDB.m */,
				AA27EF2B19A80199000E0339 /* BMProcesses.h */,
				AA27EF2C19A80199000E0339 /* BMProcesses.m */,
				AA27EF3319A802D2000E0339 /* BMTorProcess.h */,
				AA27EF3419A802D2000E0339 /* BMTorProcess.m */,
			);
			path = Server;
			sourceTree = "<group>";
		};
		8EDE5BF118F594EA009A726A /* Task */ = {
			isa = PBXGroup;
			children = (
			);
			path = Task;
			sourceTree = "<group>";
		};
		8EDE5C8B18F5953B009A726A /* Vendor */ = {
			isa = PBXGroup;
			children = (
				8EBC9BAD191803D700FE71FA /* tor */,
				AA153BDE18FEFC45007B4785 /* ZipKit */,
				8ED41FA618F596030025A51B /* xmlrpc */,
				8ED41FA418F595DA0025A51B /* pybitmessage */,
				8ED41FA218F595BF0025A51B /* static-python */,
			);
			name = Vendor;
			sourceTree = "<group>";
		};
		AA153BDE18FEFC45007B4785 /* ZipKit */ = {
			isa = PBXGroup;
			children = (
				AA153BDF18FEFC45007B4785 /* GMAppleDouble+ZKAdditions.h */,
				AA153BE018FEFC45007B4785 /* GMAppleDouble+ZKAdditions.m */,
				AA153BE118FEFC45007B4785 /* MacFUSE */,
				AA153BE518FEFC45007B4785 /* NSData+ZKAdditions.h */,
				AA153BE618FEFC45007B4785 /* NSData+ZKAdditions.m */,
				AA153BE718FEFC45007B4785 /* NSDate+ZKAdditions.h */,
				AA153BE818FEFC45007B4785 /* NSDate+ZKAdditions.m */,
				AA153BE918FEFC45007B4785 /* NSDictionary+ZKAdditions.h */,
				AA153BEA18FEFC45007B4785 /* NSDictionary+ZKAdditions.m */,
				AA153BEB18FEFC45007B4785 /* NSFileHandle+ZKAdditions.h */,
				AA153BEC18FEFC45007B4785 /* NSFileHandle+ZKAdditions.m */,
				AA153BED18FEFC45007B4785 /* NSFileManager+ZKAdditions.h */,
				AA153BEE18FEFC45007B4785 /* NSFileManager+ZKAdditions.m */,
				AA153BEF18FEFC45007B4785 /* NSString+ZKAdditions.h */,
				AA153BF018FEFC45007B4785 /* NSString+ZKAdditions.m */,
				AA153BF118FEFC45007B4785 /* ZipKit-Info.plist */,
				AA153BF218FEFC45007B4785 /* ZipKit-Prefix.pch */,
				AA153BF318FEFC45007B4785 /* ZipKit.h */,
				AA153BF418FEFC45007B4785 /* ZKArchive.h */,
				AA153BF518FEFC45007B4785 /* ZKArchive.m */,
				AA153BF618FEFC45007B4785 /* ZKCDHeader.h */,
				AA153BF718FEFC45007B4785 /* ZKCDHeader.m */,
				AA153BF818FEFC45007B4785 /* ZKCDTrailer.h */,
				AA153BF918FEFC45007B4785 /* ZKCDTrailer.m */,
				AA153BFA18FEFC45007B4785 /* ZKCDTrailer64.h */,
				AA153BFB18FEFC45007B4785 /* ZKCDTrailer64.m */,
				AA153BFC18FEFC45007B4785 /* ZKCDTrailer64Locator.h */,
				AA153BFD18FEFC45007B4785 /* ZKCDTrailer64Locator.m */,
				AA153BFE18FEFC45007B4785 /* ZKDataArchive.h */,
				AA153BFF18FEFC45007B4785 /* ZKDataArchive.m */,
				AA153C0018FEFC45007B4785 /* ZKDefs.h */,
				AA153C0118FEFC45007B4785 /* ZKDefs.m */,
				AA153C0218FEFC45007B4785 /* ZKFileArchive.h */,
				AA153C0318FEFC45007B4785 /* ZKFileArchive.m */,
				AA153C0418FEFC45007B4785 /* ZKLFHeader.h */,
				AA153C0518FEFC45007B4785 /* ZKLFHeader.m */,
				AA153C0618FEFC45007B4785 /* ZKLog.h */,
				AA153C0718FEFC45007B4785 /* ZKLog.m */,
			);
			name = ZipKit;
			path = BitmessageKit/Vendor/ZipKit/ZipKit;
			sourceTree = "<group>";
		};
		AA153BE118FEFC45007B4785 /* MacFUSE */ = {
			isa = PBXGroup;
			children = (
				AA153BE218FEFC45007B4785 /* COPYING.TXT */,
				AA153BE318FEFC45007B4785 /* GMAppleDouble.h */,
				AA153BE418FEFC45007B4785 /* GMAppleDouble.m */,
			);
			path = MacFUSE;
			sourceTree = "<group>";
		};
		AACD77FA1905C4F5008832FB /* Products */ = {
			isa = PBXGroup;
			children = (
				AACD78021905C4F6008832FB /* NavNodeKit.framework */,
				AACD78041905C4F6008832FB /* NavNodeKitTests.xctest */,
			);
			name = Products;
			sourceTree = "<group>";
		};
		AAE31EE218FF219B00405754 /* Products */ = {
			isa = PBXGroup;
			children = (
				AAE31EE718FF219B00405754 /* FoundationCategoriesKit.framework */,
				AAE31EE918FF219B00405754 /* FoundationCategoriesKitTests.xctest */,
			);
			name = Products;
			sourceTree = "<group>";
		};
/* End PBXGroup section */

/* Begin PBXHeadersBuildPhase section */
		8EDE5B7718F59414009A726A /* Headers */ = {
			isa = PBXHeadersBuildPhase;
			buildActionMask = 2147483647;
			files = (
				8EDE5C1618F594EA009A726A /* BMMessages.h in Headers */,
				8EDE5C2018F594EA009A726A /* BMSubscription.h in Headers */,
				8EDE5C0818F594EA009A726A /* BMChannels.h in Headers */,
				8EDE5C0018F594EA009A726A /* BMAddressed.h in Headers */,
				AA153C1518FEFC45007B4785 /* NSFileManager+ZKAdditions.h in Headers */,
				AA153C2618FEFC45007B4785 /* ZKDataArchive.h in Headers */,
				AA153C1A18FEFC45007B4785 /* ZipKit-Prefix.pch in Headers */,
				AA153C0818FEFC45007B4785 /* GMAppleDouble+ZKAdditions.h in Headers */,
				8EDE5C0E18F594EA009A726A /* BMIdentities.h in Headers */,
				AA153C2418FEFC45007B4785 /* ZKCDTrailer64Locator.h in Headers */,
				AA153C2A18FEFC45007B4785 /* ZKFileArchive.h in Headers */,
				AA153C2218FEFC45007B4785 /* ZKCDTrailer64.h in Headers */,
				AA153C0F18FEFC45007B4785 /* NSDate+ZKAdditions.h in Headers */,
				8EDE5C0218F594EA009A726A /* BMClient.h in Headers */,
				8ED41FCD18F596310025A51B /* XMLRPCRequest.h in Headers */,
				AA153C2818FEFC45007B4785 /* ZKDefs.h in Headers */,
				8EDE5BFE18F594EA009A726A /* BMAddress.h in Headers */,
				8EDE5C2A18F594EA009A726A /* BMKeysFile.h in Headers */,
				AA153C0B18FEFC45007B4785 /* GMAppleDouble.h in Headers */,
				AA153C1718FEFC45007B4785 /* NSString+ZKAdditions.h in Headers */,
				8EDE5C1818F594EA009A726A /* BMReceivedMessage.h in Headers */,
				8EDE5C1218F594EA009A726A /* BMMessage.h in Headers */,
				8ED41FCF18F596310025A51B /* XMLRPCResponse.h in Headers */,
				AA0E588F18FEE3FD0095DEBD /* BMArchive.h in Headers */,
				8EDE5C0618F594EA009A726A /* BMChannel.h in Headers */,
				AA153C2C18FEFC45007B4785 /* ZKLFHeader.h in Headers */,
				8EDE5C2418F594EA009A726A /* BMProxyMessage.h in Headers */,
				8ED41FBE18F596310025A51B /* NSStringAdditions.h in Headers */,
				8EDE5C2818F594EA009A726A /* BMDatabase.h in Headers */,
				8ED41FC318F596310025A51B /* XMLRPCConnectionDelegate.h in Headers */,
				8ED41FC918F596310025A51B /* XMLRPCEventBasedParser.h in Headers */,
				8ED41FBC18F596310025A51B /* NSData+Base64.h in Headers */,
				AA153C0D18FEFC45007B4785 /* NSData+ZKAdditions.h in Headers */,
				AA153C2E18FEFC45007B4785 /* ZKLog.h in Headers */,
				AA153C1318FEFC45007B4785 /* NSFileHandle+ZKAdditions.h in Headers */,
				8EDE5C1018F594EA009A726A /* BMIdentity.h in Headers */,
				8EDE5C1418F594EA009A726A /* BMMessageGroup.h in Headers */,
				8EDE5C2218F594EA009A726A /* BMSubscriptions.h in Headers */,
				8ED41FC018F596310025A51B /* XMLRPC.h in Headers */,
				8EDE5C2E18F594EA009A726A /* JSONDB.h in Headers */,
				AA153C2018FEFC45007B4785 /* ZKCDTrailer.h in Headers */,
				AA153C1E18FEFC45007B4785 /* ZKCDHeader.h in Headers */,
				8ED41FCB18F596310025A51B /* XMLRPCEventBasedParserDelegate.h in Headers */,
				8EDE5C1E18F594EA009A726A /* BMSentMessages.h in Headers */,
				AA153C1B18FEFC45007B4785 /* ZipKit.h in Headers */,
				8EDE5C0C18F594EA009A726A /* BMContacts.h in Headers */,
				8EDE5C2C18F594EA009A726A /* BMServerProcess.h in Headers */,
				8EDE5C0418F594EA009A726A /* BMNode.h in Headers */,
				AA153C1C18FEFC45007B4785 /* ZKArchive.h in Headers */,
				8ED41FC118F596310025A51B /* XMLRPCConnection.h in Headers */,
				8EDE5C1A18F594EA009A726A /* BMReceivedMessages.h in Headers */,
				8ED41FC418F596310025A51B /* XMLRPCConnectionManager.h in Headers */,
				8ED41FC818F596310025A51B /* XMLRPCEncoder.h in Headers */,
				8EDE5C0A18F594EA009A726A /* BMContact.h in Headers */,
				8EDE5C1C18F594EA009A726A /* BMSentMessage.h in Headers */,
				8ED41FC618F596310025A51B /* XMLRPCDefaultEncoder.h in Headers */,
				AA9A6570199ECF5800993E8B /* BMMergable.h in Headers */,
				AA27EF3519A802D2000E0339 /* BMTorProcess.h in Headers */,
				AA27EF2D19A80199000E0339 /* BMProcesses.h in Headers */,
				AA9A6579199EDA9700993E8B /* BMUnreadCountable.h in Headers */,
				AA153C1118FEFC45007B4785 /* NSDictionary+ZKAdditions.h in Headers */,
				AA153C3618FF057D007B4785 /* BitmessageKit.h in Headers */,
			);
			runOnlyForDeploymentPostprocessing = 0;
		};
/* End PBXHeadersBuildPhase section */

/* Begin PBXNativeTarget section */
		8EDE5B7918F59414009A726A /* BitmessageKit */ = {
			isa = PBXNativeTarget;
			buildConfigurationList = 8EDE5BA218F59414009A726A /* Build configuration list for PBXNativeTarget "BitmessageKit" */;
			buildPhases = (
				8EDE5B7518F59414009A726A /* Sources */,
				8EDE5B7618F59414009A726A /* Frameworks */,
				8EDE5B7718F59414009A726A /* Headers */,
				8EDE5B7818F59414009A726A /* Resources */,
			);
			buildRules = (
			);
			dependencies = (
			);
			name = BitmessageKit;
			productName = BitmessageKit;
			productReference = 8EDE5B7A18F59414009A726A /* BitmessageKit.framework */;
			productType = "com.apple.product-type.framework";
		};
		8EDE5B9018F59414009A726A /* BitmessageKitTests */ = {
			isa = PBXNativeTarget;
			buildConfigurationList = 8EDE5BA518F59414009A726A /* Build configuration list for PBXNativeTarget "BitmessageKitTests" */;
			buildPhases = (
				8EDE5B8D18F59414009A726A /* Sources */,
				8EDE5B8E18F59414009A726A /* Frameworks */,
				8EDE5B8F18F59414009A726A /* Resources */,
			);
			buildRules = (
			);
			dependencies = (
				8EDE5B9618F59414009A726A /* PBXTargetDependency */,
			);
			name = BitmessageKitTests;
			productName = BitmessageKitTests;
			productReference = 8EDE5B9118F59414009A726A /* BitmessageKitTests.xctest */;
			productType = "com.apple.product-type.bundle.unit-test";
		};
/* End PBXNativeTarget section */

/* Begin PBXProject section */
		8EDE5B7118F59414009A726A /* Project object */ = {
			isa = PBXProject;
			attributes = {
				LastUpgradeCheck = 0510;
				ORGANIZATIONNAME = "Adam Thorsen";
				TargetAttributes = {
					8EDE5B7918F59414009A726A = {
						DevelopmentTeam = 68AUPW6ZUW;
					};
					8EDE5B9018F59414009A726A = {
						TestTargetID = 8EDE5B7918F59414009A726A;
					};
				};
			};
			buildConfigurationList = 8EDE5B7418F59414009A726A /* Build configuration list for PBXProject "BitmessageKit" */;
			compatibilityVersion = "Xcode 3.2";
			developmentRegion = English;
			hasScannedForEncodings = 0;
			knownRegions = (
				en,
			);
			mainGroup = 8EDE5B7018F59414009A726A;
			productRefGroup = 8EDE5B7B18F59414009A726A /* Products */;
			projectDirPath = "";
			projectReferences = (
				{
					ProductGroup = AAE31EE218FF219B00405754 /* Products */;
					ProjectRef = AAE31EE118FF219B00405754 /* FoundationCategoriesKit.xcodeproj */;
				},
				{
					ProductGroup = AACD77FA1905C4F5008832FB /* Products */;
					ProjectRef = AACD77F91905C4F5008832FB /* NavNodeKit.xcodeproj */;
				},
			);
			projectRoot = "";
			targets = (
				8EDE5B7918F59414009A726A /* BitmessageKit */,
				8EDE5B9018F59414009A726A /* BitmessageKitTests */,
			);
		};
/* End PBXProject section */

/* Begin PBXReferenceProxy section */
		AACD78021905C4F6008832FB /* NavNodeKit.framework */ = {
			isa = PBXReferenceProxy;
			fileType = wrapper.framework;
			path = NavNodeKit.framework;
			remoteRef = AACD78011905C4F6008832FB /* PBXContainerItemProxy */;
			sourceTree = BUILT_PRODUCTS_DIR;
		};
		AACD78041905C4F6008832FB /* NavNodeKitTests.xctest */ = {
			isa = PBXReferenceProxy;
			fileType = wrapper.cfbundle;
			path = NavNodeKitTests.xctest;
			remoteRef = AACD78031905C4F6008832FB /* PBXContainerItemProxy */;
			sourceTree = BUILT_PRODUCTS_DIR;
		};
		AAE31EE718FF219B00405754 /* FoundationCategoriesKit.framework */ = {
			isa = PBXReferenceProxy;
			fileType = wrapper.framework;
			path = FoundationCategoriesKit.framework;
			remoteRef = AAE31EE618FF219B00405754 /* PBXContainerItemProxy */;
			sourceTree = BUILT_PRODUCTS_DIR;
		};
		AAE31EE918FF219B00405754 /* FoundationCategoriesKitTests.xctest */ = {
			isa = PBXReferenceProxy;
			fileType = wrapper.cfbundle;
			path = FoundationCategoriesKitTests.xctest;
			remoteRef = AAE31EE818FF219B00405754 /* PBXContainerItemProxy */;
			sourceTree = BUILT_PRODUCTS_DIR;
		};
/* End PBXReferenceProxy section */

/* Begin PBXResourcesBuildPhase section */
		8EDE5B7818F59414009A726A /* Resources */ = {
			isa = PBXResourcesBuildPhase;
			buildActionMask = 2147483647;
			files = (
				8EBC9BAE191803D700FE71FA /* tor in Resources */,
				AAE31DBD18FF11A000405754 /* static-python in Resources */,
				8ED41FA518F595DA0025A51B /* pybitmessage in Resources */,
				AA153C0A18FEFC45007B4785 /* COPYING.TXT in Resources */,
				AA153C1918FEFC45007B4785 /* ZipKit-Info.plist in Resources */,
				8EDE5B8818F59414009A726A /* InfoPlist.strings in Resources */,
			);
			runOnlyForDeploymentPostprocessing = 0;
		};
		8EDE5B8F18F59414009A726A /* Resources */ = {
			isa = PBXResourcesBuildPhase;
			buildActionMask = 2147483647;
			files = (
				8EDE5B9D18F59414009A726A /* InfoPlist.strings in Resources */,
			);
			runOnlyForDeploymentPostprocessing = 0;
		};
/* End PBXResourcesBuildPhase section */

/* Begin PBXSourcesBuildPhase section */
		8EDE5B7518F59414009A726A /* Sources */ = {
			isa = PBXSourcesBuildPhase;
			buildActionMask = 2147483647;
			files = (
				AA153C2118FEFC45007B4785 /* ZKCDTrailer.m in Sources */,
				AA153C1418FEFC45007B4785 /* NSFileHandle+ZKAdditions.m in Sources */,
				8EDE5C1118F594EA009A726A /* BMIdentity.m in Sources */,
				8ED41FD018F596310025A51B /* XMLRPCResponse.m in Sources */,
				AA153C2518FEFC45007B4785 /* ZKCDTrailer64Locator.m in Sources */,
				AA153C1018FEFC45007B4785 /* NSDate+ZKAdditions.m in Sources */,
				8EDE5C1718F594EA009A726A /* BMMessages.m in Sources */,
				8EDE5C2F18F594EA009A726A /* JSONDB.m in Sources */,
				8EDE5C2D18F594EA009A726A /* BMServerProcess.m in Sources */,
				8EDE5C0518F594EA009A726A /* BMNode.m in Sources */,
				8ED41FC218F596310025A51B /* XMLRPCConnection.m in Sources */,
				AA153C1618FEFC45007B4785 /* NSFileManager+ZKAdditions.m in Sources */,
				8EDE5C1D18F594EA009A726A /* BMSentMessage.m in Sources */,
				AA153C1F18FEFC45007B4785 /* ZKCDHeader.m in Sources */,
				AA153C2B18FEFC45007B4785 /* ZKFileArchive.m in Sources */,
				8EDE5C0118F594EA009A726A /* BMAddressed.m in Sources */,
				8ED41FC718F596310025A51B /* XMLRPCDefaultEncoder.m in Sources */,
				8ED41FCC18F596310025A51B /* XMLRPCEventBasedParserDelegate.m in Sources */,
				AA153C0918FEFC45007B4785 /* GMAppleDouble+ZKAdditions.m in Sources */,
				AA153C2718FEFC45007B4785 /* ZKDataArchive.m in Sources */,
				AA27EF3619A802D2000E0339 /* BMTorProcess.m in Sources */,
				8EDE5C2B18F594EA009A726A /* BMKeysFile.m in Sources */,
				8ED41FBF18F596310025A51B /* NSStringAdditions.m in Sources */,
				8EDE5C1518F594EA009A726A /* BMMessageGroup.m in Sources */,
				AA9A6571199ECF5800993E8B /* BMMergable.m in Sources */,
				8ED41FCA18F596310025A51B /* XMLRPCEventBasedParser.m in Sources */,
				8EDE5C1318F594EA009A726A /* BMMessage.m in Sources */,
				AA0E589018FEE3FD0095DEBD /* BMArchive.m in Sources */,
				8EDE5C0B18F594EA009A726A /* BMContact.m in Sources */,
				8ED41FBD18F596310025A51B /* NSData+Base64.m in Sources */,
				AA153C0E18FEFC45007B4785 /* NSData+ZKAdditions.m in Sources */,
				8EDE5BFF18F594EA009A726A /* BMAddress.m in Sources */,
				AA153C2F18FEFC45007B4785 /* ZKLog.m in Sources */,
				AA153C2D18FEFC45007B4785 /* ZKLFHeader.m in Sources */,
				AA9A657A199EDA9700993E8B /* BMUnreadCountable.m in Sources */,
				8EDE5C1F18F594EA009A726A /* BMSentMessages.m in Sources */,
				8EDE5C2318F594EA009A726A /* BMSubscriptions.m in Sources */,
				8EDE5C0718F594EA009A726A /* BMChannel.m in Sources */,
				8ED41FC518F596310025A51B /* XMLRPCConnectionManager.m in Sources */,
				AA153C1D18FEFC45007B4785 /* ZKArchive.m in Sources */,
				8EDE5C0D18F594EA009A726A /* BMContacts.m in Sources */,
				8EDE5C1918F594EA009A726A /* BMReceivedMessage.m in Sources */,
				8EDE5C1B18F594EA009A726A /* BMReceivedMessages.m in Sources */,
				8EDE5C0F18F594EA009A726A /* BMIdentities.m in Sources */,
				8EDE5C2518F594EA009A726A /* BMProxyMessage.m in Sources */,
				AA153C2318FEFC45007B4785 /* ZKCDTrailer64.m in Sources */,
				AA27EF2E19A80199000E0339 /* BMProcesses.m in Sources */,
				AA153C2918FEFC45007B4785 /* ZKDefs.m in Sources */,
				AA153C1818FEFC45007B4785 /* NSString+ZKAdditions.m in Sources */,
				8ED41FCE18F596310025A51B /* XMLRPCRequest.m in Sources */,
				8EDE5C2918F594EA009A726A /* BMDatabase.m in Sources */,
				8EDE5C0318F594EA009A726A /* BMClient.m in Sources */,
				AA153C0C18FEFC45007B4785 /* GMAppleDouble.m in Sources */,
				AA153C1218FEFC45007B4785 /* NSDictionary+ZKAdditions.m in Sources */,
				8EDE5C2118F594EA009A726A /* BMSubscription.m in Sources */,
				8EDE5C0918F594EA009A726A /* BMChannels.m in Sources */,
			);
			runOnlyForDeploymentPostprocessing = 0;
		};
		8EDE5B8D18F59414009A726A /* Sources */ = {
			isa = PBXSourcesBuildPhase;
			buildActionMask = 2147483647;
			files = (
				8EDE5B9F18F59414009A726A /* BitmessageKitTests.m in Sources */,
			);
			runOnlyForDeploymentPostprocessing = 0;
		};
/* End PBXSourcesBuildPhase section */

/* Begin PBXTargetDependency section */
		8EDE5B9618F59414009A726A /* PBXTargetDependency */ = {
			isa = PBXTargetDependency;
			target = 8EDE5B7918F59414009A726A /* BitmessageKit */;
			targetProxy = 8EDE5B9518F59414009A726A /* PBXContainerItemProxy */;
		};
/* End PBXTargetDependency section */

/* Begin PBXVariantGroup section */
		8EDE5B8618F59414009A726A /* InfoPlist.strings */ = {
			isa = PBXVariantGroup;
			children = (
				8EDE5B8718F59414009A726A /* en */,
			);
			name = InfoPlist.strings;
			sourceTree = "<group>";
		};
		8EDE5B9B18F59414009A726A /* InfoPlist.strings */ = {
			isa = PBXVariantGroup;
			children = (
				8EDE5B9C18F59414009A726A /* en */,
			);
			name = InfoPlist.strings;
			sourceTree = "<group>";
		};
/* End PBXVariantGroup section */

/* Begin XCBuildConfiguration section */
		8EDE5BA018F59414009A726A /* Debug */ = {
			isa = XCBuildConfiguration;
			buildSettings = {
				ALWAYS_SEARCH_USER_PATHS = NO;
				CLANG_CXX_LANGUAGE_STANDARD = "gnu++0x";
				CLANG_CXX_LIBRARY = "libc++";
				CLANG_ENABLE_MODULES = YES;
				CLANG_ENABLE_OBJC_ARC = YES;
				CLANG_WARN_BOOL_CONVERSION = YES;
				CLANG_WARN_CONSTANT_CONVERSION = YES;
				CLANG_WARN_DIRECT_OBJC_ISA_USAGE = YES_ERROR;
				CLANG_WARN_EMPTY_BODY = YES;
				CLANG_WARN_ENUM_CONVERSION = YES;
				CLANG_WARN_INT_CONVERSION = YES;
				CLANG_WARN_OBJC_ROOT_CLASS = YES_ERROR;
				CLANG_WARN__DUPLICATE_METHOD_MATCH = YES;
				COPY_PHASE_STRIP = NO;
				GCC_C_LANGUAGE_STANDARD = gnu99;
				GCC_DYNAMIC_NO_PIC = NO;
				GCC_ENABLE_OBJC_EXCEPTIONS = YES;
				GCC_OPTIMIZATION_LEVEL = 0;
				GCC_PREPROCESSOR_DEFINITIONS = (
					"DEBUG=1",
					"$(inherited)",
				);
				GCC_SYMBOLS_PRIVATE_EXTERN = NO;
				GCC_WARN_64_TO_32_BIT_CONVERSION = YES;
				GCC_WARN_ABOUT_RETURN_TYPE = YES_ERROR;
				GCC_WARN_UNDECLARED_SELECTOR = YES;
				GCC_WARN_UNINITIALIZED_AUTOS = YES_AGGRESSIVE;
				GCC_WARN_UNUSED_FUNCTION = YES;
				GCC_WARN_UNUSED_VARIABLE = YES;
				MACOSX_DEPLOYMENT_TARGET = 10.9;
				ONLY_ACTIVE_ARCH = YES;
				SDKROOT = macosx;
			};
			name = Debug;
		};
		8EDE5BA118F59414009A726A /* Release */ = {
			isa = XCBuildConfiguration;
			buildSettings = {
				ALWAYS_SEARCH_USER_PATHS = NO;
				CLANG_CXX_LANGUAGE_STANDARD = "gnu++0x";
				CLANG_CXX_LIBRARY = "libc++";
				CLANG_ENABLE_MODULES = YES;
				CLANG_ENABLE_OBJC_ARC = YES;
				CLANG_WARN_BOOL_CONVERSION = YES;
				CLANG_WARN_CONSTANT_CONVERSION = YES;
				CLANG_WARN_DIRECT_OBJC_ISA_USAGE = YES_ERROR;
				CLANG_WARN_EMPTY_BODY = YES;
				CLANG_WARN_ENUM_CONVERSION = YES;
				CLANG_WARN_INT_CONVERSION = YES;
				CLANG_WARN_OBJC_ROOT_CLASS = YES_ERROR;
				CLANG_WARN__DUPLICATE_METHOD_MATCH = YES;
				COPY_PHASE_STRIP = YES;
				DEBUG_INFORMATION_FORMAT = "dwarf-with-dsym";
				ENABLE_NS_ASSERTIONS = NO;
				GCC_C_LANGUAGE_STANDARD = gnu99;
				GCC_ENABLE_OBJC_EXCEPTIONS = YES;
				GCC_WARN_64_TO_32_BIT_CONVERSION = YES;
				GCC_WARN_ABOUT_RETURN_TYPE = YES_ERROR;
				GCC_WARN_UNDECLARED_SELECTOR = YES;
				GCC_WARN_UNINITIALIZED_AUTOS = YES_AGGRESSIVE;
				GCC_WARN_UNUSED_FUNCTION = YES;
				GCC_WARN_UNUSED_VARIABLE = YES;
				MACOSX_DEPLOYMENT_TARGET = 10.9;
				SDKROOT = macosx;
			};
			name = Release;
		};
		8EDE5BA318F59414009A726A /* Debug */ = {
			isa = XCBuildConfiguration;
			buildSettings = {
				CODE_SIGN_IDENTITY = "Mac Developer";
				"CODE_SIGN_IDENTITY[sdk=macosx*]" = "Mac Developer";
				COMBINE_HIDPI_IMAGES = YES;
				DYLIB_COMPATIBILITY_VERSION = 1;
				DYLIB_CURRENT_VERSION = 1;
				FRAMEWORK_SEARCH_PATHS = "./**";
				FRAMEWORK_VERSION = A;
				GCC_PRECOMPILE_PREFIX_HEADER = YES;
				GCC_PREFIX_HEADER = "BitmessageKit/BitmessageKit-Prefix.pch";
				INFOPLIST_FILE = "BitmessageKit/BitmessageKit-Info.plist";
				INSTALL_PATH = "@executable_path/../Frameworks";
				PRODUCT_NAME = "$(TARGET_NAME)";
				PROVISIONING_PROFILE = "";
				WRAPPER_EXTENSION = framework;
			};
			name = Debug;
		};
		8EDE5BA418F59414009A726A /* Release */ = {
			isa = XCBuildConfiguration;
			buildSettings = {
				CODE_SIGN_IDENTITY = "Mac Developer";
				"CODE_SIGN_IDENTITY[sdk=macosx*]" = "Mac Developer";
				COMBINE_HIDPI_IMAGES = YES;
				DYLIB_COMPATIBILITY_VERSION = 1;
				DYLIB_CURRENT_VERSION = 1;
				FRAMEWORK_SEARCH_PATHS = "./**";
				FRAMEWORK_VERSION = A;
				GCC_PRECOMPILE_PREFIX_HEADER = YES;
				GCC_PREFIX_HEADER = "BitmessageKit/BitmessageKit-Prefix.pch";
				INFOPLIST_FILE = "BitmessageKit/BitmessageKit-Info.plist";
				INSTALL_PATH = "@executable_path/../Frameworks";
				PRODUCT_NAME = "$(TARGET_NAME)";
				PROVISIONING_PROFILE = "";
				WRAPPER_EXTENSION = framework;
			};
			name = Release;
		};
		8EDE5BA618F59414009A726A /* Debug */ = {
			isa = XCBuildConfiguration;
			buildSettings = {
				BUNDLE_LOADER = "$(BUILT_PRODUCTS_DIR)/BitmessageKit.framework/Versions/A/BitmessageKit";
				COMBINE_HIDPI_IMAGES = YES;
				FRAMEWORK_SEARCH_PATHS = (
					"$(DEVELOPER_FRAMEWORKS_DIR)",
					"$(inherited)",
				);
				GCC_PRECOMPILE_PREFIX_HEADER = YES;
				GCC_PREFIX_HEADER = "BitmessageKit/BitmessageKit-Prefix.pch";
				GCC_PREPROCESSOR_DEFINITIONS = (
					"DEBUG=1",
					"$(inherited)",
				);
				INFOPLIST_FILE = "BitmessageKitTests/BitmessageKitTests-Info.plist";
				PRODUCT_NAME = "$(TARGET_NAME)";
				TEST_HOST = "$(BUNDLE_LOADER)";
				WRAPPER_EXTENSION = xctest;
			};
			name = Debug;
		};
		8EDE5BA718F59414009A726A /* Release */ = {
			isa = XCBuildConfiguration;
			buildSettings = {
				BUNDLE_LOADER = "$(BUILT_PRODUCTS_DIR)/BitmessageKit.framework/Versions/A/BitmessageKit";
				COMBINE_HIDPI_IMAGES = YES;
				FRAMEWORK_SEARCH_PATHS = (
					"$(DEVELOPER_FRAMEWORKS_DIR)",
					"$(inherited)",
				);
				GCC_PRECOMPILE_PREFIX_HEADER = YES;
				GCC_PREFIX_HEADER = "BitmessageKit/BitmessageKit-Prefix.pch";
				INFOPLIST_FILE = "BitmessageKitTests/BitmessageKitTests-Info.plist";
				PRODUCT_NAME = "$(TARGET_NAME)";
				TEST_HOST = "$(BUNDLE_LOADER)";
				WRAPPER_EXTENSION = xctest;
			};
			name = Release;
		};
/* End XCBuildConfiguration section */

/* Begin XCConfigurationList section */
		8EDE5B7418F59414009A726A /* Build configuration list for PBXProject "BitmessageKit" */ = {
			isa = XCConfigurationList;
			buildConfigurations = (
				8EDE5BA018F59414009A726A /* Debug */,
				8EDE5BA118F59414009A726A /* Release */,
			);
			defaultConfigurationIsVisible = 0;
			defaultConfigurationName = Release;
		};
		8EDE5BA218F59414009A726A /* Build configuration list for PBXNativeTarget "BitmessageKit" */ = {
			isa = XCConfigurationList;
			buildConfigurations = (
				8EDE5BA318F59414009A726A /* Debug */,
				8EDE5BA418F59414009A726A /* Release */,
			);
			defaultConfigurationIsVisible = 0;
			defaultConfigurationName = Release;
		};
		8EDE5BA518F59414009A726A /* Build configuration list for PBXNativeTarget "BitmessageKitTests" */ = {
			isa = XCConfigurationList;
			buildConfigurations = (
				8EDE5BA618F59414009A726A /* Debug */,
				8EDE5BA718F59414009A726A /* Release */,
			);
			defaultConfigurationIsVisible = 0;
			defaultConfigurationName = Release;
		};
/* End XCConfigurationList section */
	};
	rootObject = 8EDE5B7118F59414009A726A /* Project object */;
}
